
Microsoft Visual Studio Solution File, Format Version 12.00
# Visual Studio Version 16
VisualStudioVersion = 16.0.29020.237
MinimumVisualStudioVersion = 10.0.40219.1
Project("{9A19103F-16F7-4668-BE54-9A1E7A4F7556}") = "DeepCore", "DeepCore\DeepCore\DeepCore.csproj", "{99FB4093-B16E-4963-A861-9A07574BD9BC}"
EndProject
Project("{9A19103F-16F7-4668-BE54-9A1E7A4F7556}") = "DeepCore.GameData", "DeepCore\DeepCore.GameData\DeepCore.GameData.csproj", "{E7B8CA3C-AD08-45E3-84C7-C9753AF510DC}"
EndProject
Project("{9A19103F-16F7-4668-BE54-9A1E7A4F7556}") = "DeepCore.Event", "DeepCore\DeepCore.Event\DeepCore.Event.csproj", "{315B8780-B0C0-4C7D-9E7B-997015D4A189}"
EndProject
Project("{9A19103F-16F7-4668-BE54-9A1E7A4F7556}") = "DeepCore.Event.Lua", "DeepCore\DeepCore.Event.Lua\DeepCore.Event.Lua.csproj", "{DC64D2BF-145D-4C2D-B669-2A26EB39960B}"
EndProject
Project("{9A19103F-16F7-4668-BE54-9A1E7A4F7556}") = "DeepCore.GUI", "DeepCore\DeepCore.GUI\DeepCore.GUI.csproj", "{2C79A0B5-0CEF-45D3-8480-A4B6DEB9452C}"
EndProject
Project("{9A19103F-16F7-4668-BE54-9A1E7A4F7556}") = "DeepCore.SharpZipLib", "DeepCore\DeepCore.SharpZipLib\DeepCore.SharpZipLib.csproj", "{9A12B90C-5ED0-4952-9C2E-B1C7B4CAE1BA}"
EndProject
Project("{9A19103F-16F7-4668-BE54-9A1E7A4F7556}") = "DeepCore.Template.MoonSharp", "DeepCore\DeepCore.Template.MoonSharp\DeepCore.Template.MoonSharp.csproj", "{6CE44435-962C-4982-A4FC-6725EA79B3F5}"
EndProject
Project("{9A19103F-16F7-4668-BE54-9A1E7A4F7556}") = "DeepCore.Template.SLua", "DeepCore\DeepCore.Template.SLua\DeepCore.Template.SLua.csproj", "{22F38CEC-B8CC-478C-BC74-616EDE96474A}"
EndProject
Project("{9A19103F-16F7-4668-BE54-9A1E7A4F7556}") = "DeepCrystal", "DeepCore\DeepCrystal\DeepCrystal.csproj", "{81036DC2-4977-4F08-87BA-EF1D5C7EF823}"
EndProject
Project("{2150E333-8FDC-42A3-9474-1A3956D46DE8}") = "01.DeepCore", "01.DeepCore", "{9534BE62-BED6-4F60-90F9-6549E6DB80D7}"
EndProject
Project("{9A19103F-16F7-4668-BE54-9A1E7A4F7556}") = "DeepFrozen.RPC", "DeepFrozen\DeepFrozen.RPC\DeepFrozen.RPC.csproj", "{1303B3F3-72C7-4CF2-AA38-59E52CB622F6}"
EndProject
Project("{9A19103F-16F7-4668-BE54-9A1E7A4F7556}") = "DeepFrozen.ICE", "DeepFrozen\DeepFrozen.ICE\DeepFrozen.ICE.csproj", "{4C8F184B-8980-48C9-87DE-1896F1280C8A}"
EndProject
Project("{9A19103F-16F7-4668-BE54-9A1E7A4F7556}") = "DeepFrozen.Mysql", "DeepFrozen\DeepFrozen.Mysql\DeepFrozen.Mysql.csproj", "{DD6E6ACB-14E2-452B-A44C-FD31B165254D}"
EndProject
Project("{9A19103F-16F7-4668-BE54-9A1E7A4F7556}") = "DeepFrozen.Redis", "DeepFrozen\DeepFrozen.Redis\DeepFrozen.Redis.csproj", "{36505B7E-F574-4638-8BFE-BF8099FF9483}"
EndProject
Project("{9A19103F-16F7-4668-BE54-9A1E7A4F7556}") = "DeepFrozen.Server.NetUV", "DeepFrozen\DeepFrozen.Server.NetUV\DeepFrozen.Server.NetUV.csproj", "{824A8271-9FD5-4A05-BF57-5630FF0CFFBD}"
EndProject
Project("{9A19103F-16F7-4668-BE54-9A1E7A4F7556}") = "DeepFrozen.Server.SSocket", "DeepFrozen\DeepFrozen.Server.SSocket\DeepFrozen.Server.SSocket.csproj", "{29D7EA22-28F5-4211-A884-500FD675D543}"
EndProject
Project("{2150E333-8FDC-42A3-9474-1A3956D46DE8}") = "02.DeepFrozen", "02.DeepFrozen", "{B23432CA-6D42-4B5F-B4EB-ADA88CAF575B}"
EndProject
Project("{2150E333-8FDC-42A3-9474-1A3956D46DE8}") = "04.DeepEditor", "04.DeepEditor", "{0D03DEA9-4A33-43FF-BD03-AE3A82CC4A11}"
EndProject
Project("{FAE04EC0-301F-11D3-BF4B-00C04F79EFBC}") = "DeepEditor.Common", "DeepEditor\DeepEditor.Common\DeepEditor.Common.csproj", "{F3594E30-DA84-4538-BAA3-0959B86AA879}"
EndProject
Project("{FAE04EC0-301F-11D3-BF4B-00C04F79EFBC}") = "DeepEditor.Main", "DeepEditor\DeepEditor.Main\DeepEditor.Main.csproj", "{3AEDCC34-FBCE-4955-A329-F5A832F292E6}"
EndProject
Project("{FAE04EC0-301F-11D3-BF4B-00C04F79EFBC}") = "DeepTools.CodeGen", "DeepEditor\DeepTools.CodeGen\DeepTools.CodeGen.csproj", "{FAB314C1-525D-462B-82BE-560B6FA224C5}"
EndProject
Project("{FAE04EC0-301F-11D3-BF4B-00C04F79EFBC}") = "DeepTools.GUI", "DeepEditor\DeepTools.GUI\DeepTools.GUI.csproj", "{969AEE6A-2410-4621-A57A-129C7A2D466C}"
EndProject
Project("{FAE04EC0-301F-11D3-BF4B-00C04F79EFBC}") = "DeepTools.Image", "DeepEditor\DeepTools.Image\DeepTools.Image.csproj", "{B1346D9E-C3BD-4D57-8956-D44AF6346881}"
EndProject
Project("{FAE04EC0-301F-11D3-BF4B-00C04F79EFBC}") = "DeepTools.MPQ", "DeepEditor\DeepTools.MPQ\DeepTools.MPQ.csproj", "{7214F82D-8FFE-4AA1-8EC2-6095E478D1E2}"
EndProject
Project("{FAE04EC0-301F-11D3-BF4B-00C04F79EFBC}") = "DeepTools.SvnCombiner", "DeepEditor\DeepTools.SvnCombiner\DeepTools.SvnCombiner.csproj", "{4169D94C-5E90-46BB-8871-E1A945D8EE35}"
EndProject
Project("{FAE04EC0-301F-11D3-BF4B-00C04F79EFBC}") = "DeepTools.XLS2Lang", "DeepEditor\DeepTools.XLS2Lang\DeepTools.XLS2Lang.csproj", "{8EA14586-26DF-40AE-B7A3-1C575004CEC8}"
EndProject
Project("{2150E333-8FDC-42A3-9474-1A3956D46DE8}") = "11.DeepSamples", "11.DeepSamples", "{39F620D0-C8CD-4A8B-BE4A-56FCCF6B43B0}"
EndProject
Project("{FAE04EC0-301F-11D3-BF4B-00C04F79EFBC}") = "SampleBattle", "DeepSamples\Samples\SampleCommon\SampleBattle\SampleBattle.csproj", "{69A0EE45-348F-4668-A2C8-9E4604D64D13}"
EndProject
Project("{FAE04EC0-301F-11D3-BF4B-00C04F79EFBC}") = "SampleBattle.Server", "DeepSamples\Samples\SampleCommon\SampleBattle.Server\SampleBattle.Server.csproj", "{5EB39C1F-AEA0-430B-BFDE-84600B1E8148}"
EndProject
Project("{FAE04EC0-301F-11D3-BF4B-00C04F79EFBC}") = "SampleBattleWin32", "DeepSamples\Samples\SampleCommon\SampleBattleWin32\SampleBattleWin32.csproj", "{854700C8-A448-466A-A999-6C9BC20F8FEA}"
EndProject
Project("{FAE04EC0-301F-11D3-BF4B-00C04F79EFBC}") = "DeepTools.NuGetIncrement", "DeepEditor\DeepTools.NuGetIncrement\DeepTools.NuGetIncrement.csproj", "{60B1705E-DBED-43D6-AC26-272DCFA0142E}"
EndProject
Project("{9A19103F-16F7-4668-BE54-9A1E7A4F7556}") = "DeepCore.Unity3D", "DeepCore\DeepCore.Unity3D\DeepCore.Unity3D.csproj", "{EE96B1B3-C4CC-4D58-B19A-B4FF850240B4}"
EndProject
Project("{FAE04EC0-301F-11D3-BF4B-00C04F79EFBC}") = "DeepEditor.Plugin3D", "DeepEditor\DeepEditor.Plugin3D\DeepEditor.Plugin3D.csproj", "{B508D050-743E-4CE8-94FF-9AB010D35344}"
EndProject
Project("{9A19103F-16F7-4668-BE54-9A1E7A4F7556}") = "SampleBattle3D", "DeepSamples3D\Samples3D\SampleCommon\SampleBattle3D\SampleBattle3D.csproj", "{5B8A7B9B-827B-49D6-B331-9D01411CB27C}"
EndProject
Project("{2150E333-8FDC-42A3-9474-1A3956D46DE8}") = "11.DeepSamples3D", "11.DeepSamples3D", "{5D988B2E-2A62-4FE0-AD2D-BFA57E7494DC}"
EndProject
Project("{FAE04EC0-301F-11D3-BF4B-00C04F79EFBC}") = "SampleBattle3DWin32", "DeepSamples3D\Samples3D\SampleCommon\SampleBattle3DWin32\SampleBattle3DWin32.csproj", "{3EF4962B-3105-4D19-810C-7D8CA95A5784}"
EndProject
Project("{9A19103F-16F7-4668-BE54-9A1E7A4F7556}") = "DeepCore.Game3D.Host", "DeepCore\DeepCore.Game3D.Host\DeepCore.Game3D.Host.csproj", "{EAD31E15-1C7D-4894-980C-0AD7212553E3}"
EndProject
Project("{9A19103F-16F7-4668-BE54-9A1E7A4F7556}") = "DeepCore.Game3D.Slave", "DeepCore\DeepCore.Game3D.Slave\DeepCore.Game3D.Slave.csproj", "{F15D5B23-93C8-4DA3-8063-7A89B9723107}"
EndProject
Project("{9A19103F-16F7-4668-BE54-9A1E7A4F7556}") = "DeepCore.Game3D", "DeepCore\DeepCore.Game3D\DeepCore.Game3D.csproj", "{05062D77-DFD0-4F6A-BFB2-2CE15916D031}"
EndProject
Project("{2150E333-8FDC-42A3-9474-1A3956D46DE8}") = "03.DeepMMO", "03.DeepMMO", "{77A61364-7334-4D30-9993-D9F7458819CA}"
EndProject
Project("{9A19103F-16F7-4668-BE54-9A1E7A4F7556}") = "DeepMMO", "DeepMMO\DeepMMO\DeepMMO.csproj", "{C9DD7A36-A2F2-433F-A3AB-0A5FB2EC331E}"
EndProject
Project("{9A19103F-16F7-4668-BE54-9A1E7A4F7556}") = "DeepMMO.Client", "DeepMMO\DeepMMO.Client\DeepMMO.Client.csproj", "{0D7AC818-4402-404B-BBFD-57C7F0F5EBE4}"
EndProject
Project("{FAE04EC0-301F-11D3-BF4B-00C04F79EFBC}") = "DeepMMO.Client.Win32", "DeepMMO\DeepMMO.Client.Win32\DeepMMO.Client.Win32.csproj", "{432FAC96-898B-4AA9-BC11-796670F9A344}"
EndProject
Project("{9A19103F-16F7-4668-BE54-9A1E7A4F7556}") = "DeepMMO.Server", "DeepMMO\DeepMMO.Server\DeepMMO.Server.csproj", "{7C171FD0-C5C9-431D-9DF6-3FC4A1B0FF38}"
EndProject
Project("{9A19103F-16F7-4668-BE54-9A1E7A4F7556}") = "DeepMMO.Server.Area", "DeepMMO\DeepMMO.Server.Area\DeepMMO.Server.Area.csproj", "{A5541D99-1F0B-43CA-897A-DC85D78F9F7D}"
EndProject
Project("{9A19103F-16F7-4668-BE54-9A1E7A4F7556}") = "DeepMMO.Server.AreaManager", "DeepMMO\DeepMMO.Server.AreaManager\DeepMMO.Server.AreaManager.csproj", "{809181D6-35A5-4704-BC1D-68B9662384D5}"
EndProject
Project("{9A19103F-16F7-4668-BE54-9A1E7A4F7556}") = "DeepMMO.Server.Connector", "DeepMMO\DeepMMO.Server.Connector\DeepMMO.Server.Connector.csproj", "{1C8B49AE-BED3-4BB2-B8B6-39C1A484BA58}"
EndProject
Project("{9A19103F-16F7-4668-BE54-9A1E7A4F7556}") = "DeepMMO.Server.Gate", "DeepMMO\DeepMMO.Server.Gate\DeepMMO.Server.Gate.csproj", "{7EB35112-5C31-46A5-A216-B86ECA686251}"
EndProject
Project("{9A19103F-16F7-4668-BE54-9A1E7A4F7556}") = "DeepMMO.Server.Logic", "DeepMMO\DeepMMO.Server.Logic\DeepMMO.Server.Logic.csproj", "{BE60F618-9DBC-4D72-A6C0-92E9E776EF6C}"
EndProject
Project("{2150E333-8FDC-42A3-9474-1A3956D46DE8}") = "05.DeepRelease", "05.DeepRelease", "{748A317F-98B2-4BD9-9BD0-ACEB12C40A57}"
EndProject
Project("{9A19103F-16F7-4668-BE54-9A1E7A4F7556}") = "DeepRelease", "DeepRelease\DeepRelease\DeepRelease.csproj", "{9CFFB163-8907-41CB-A17A-96E2B0F8CE91}"
EndProject
Project("{9A19103F-16F7-4668-BE54-9A1E7A4F7556}") = "Common", "DeepRelease\TestServer\Common\Common.csproj", "{24DAB933-196B-47F4-A9FA-66C9F391B467}"
EndProject
Project("{9A19103F-16F7-4668-BE54-9A1E7A4F7556}") = "Common.Gen", "DeepRelease\TestServer\Common.Gen\Common.Gen.csproj", "{C114D83E-B82F-497B-A3AB-A0A4B0EA50AD}"
EndProject
Project("{2150E333-8FDC-42A3-9474-1A3956D46DE8}") = "TestServer", "TestServer", "{A93794CF-05ED-41AD-874F-91F662EDBBAA}"
EndProject
Project("{FAE04EC0-301F-11D3-BF4B-00C04F79EFBC}") = "TestCDNBenchMark", "DeepRelease\TestCDNBenchMark\TestCDNBenchMark.csproj", "{6C070C9C-7328-460D-909F-D91B18523B74}"
EndProject
Project("{9A19103F-16F7-4668-BE54-9A1E7A4F7556}") = "DeepRelease.Core", "DeepRelease\DeepRelease.Core\DeepRelease.Core.csproj", "{395EC755-735E-48BA-882A-65CE65FA0987}"
EndProject
Project("{FAE04EC0-301F-11D3-BF4B-00C04F79EFBC}") = "DeepRelease.Lib", "DeepRelease\DeepRelease.Lib\DeepRelease.Lib.csproj", "{336CA676-E662-46B8-85CA-FFE1633D2A5B}"
EndProject
Project("{9A19103F-16F7-4668-BE54-9A1E7A4F7556}") = "Server", "DeepRelease\TestServer\Server\Server.csproj", "{8844900A-7216-495F-8F70-177AD29B3793}"
EndProject
Project("{9A19103F-16F7-4668-BE54-9A1E7A4F7556}") = "Client", "DeepRelease\TestServer\Client\Client.csproj", "{A1516745-C8A9-4AD1-863B-37DAD35FF1A5}"
EndProject
Project("{FAE04EC0-301F-11D3-BF4B-00C04F79EFBC}") = "DeepEditor.UIEditor", "DeepEditor\DeepEditor.UIEditor\DeepEditor.UIEditor.csproj", "{8049E225-4C96-4E05-BD6B-9B8C04C56C98}"
EndProject
Global
	GlobalSection(SolutionConfigurationPlatforms) = preSolution
		Debug|Any CPU = Debug|Any CPU
		Debug|x64 = Debug|x64
		Debug|x86 = Debug|x86
		Release|Any CPU = Release|Any CPU
		Release|x64 = Release|x64
		Release|x86 = Release|x86
	EndGlobalSection
	GlobalSection(ProjectConfigurationPlatforms) = postSolution
		{99FB4093-B16E-4963-A861-9A07574BD9BC}.Debug|Any CPU.ActiveCfg = Debug|Any CPU
		{99FB4093-B16E-4963-A861-9A07574BD9BC}.Debug|Any CPU.Build.0 = Debug|Any CPU
		{99FB4093-B16E-4963-A861-9A07574BD9BC}.Debug|x64.ActiveCfg = Debug|Any CPU
		{99FB4093-B16E-4963-A861-9A07574BD9BC}.Debug|x64.Build.0 = Debug|Any CPU
		{99FB4093-B16E-4963-A861-9A07574BD9BC}.Debug|x86.ActiveCfg = Debug|Any CPU
		{99FB4093-B16E-4963-A861-9A07574BD9BC}.Debug|x86.Build.0 = Debug|Any CPU
		{99FB4093-B16E-4963-A861-9A07574BD9BC}.Release|Any CPU.ActiveCfg = Release|Any CPU
		{99FB4093-B16E-4963-A861-9A07574BD9BC}.Release|Any CPU.Build.0 = Release|Any CPU
		{99FB4093-B16E-4963-A861-9A07574BD9BC}.Release|x64.ActiveCfg = Release|Any CPU
		{99FB4093-B16E-4963-A861-9A07574BD9BC}.Release|x64.Build.0 = Release|Any CPU
		{99FB4093-B16E-4963-A861-9A07574BD9BC}.Release|x86.ActiveCfg = Release|Any CPU
		{99FB4093-B16E-4963-A861-9A07574BD9BC}.Release|x86.Build.0 = Release|Any CPU
		{E7B8CA3C-AD08-45E3-84C7-C9753AF510DC}.Debug|Any CPU.ActiveCfg = Debug|Any CPU
		{E7B8CA3C-AD08-45E3-84C7-C9753AF510DC}.Debug|Any CPU.Build.0 = Debug|Any CPU
		{E7B8CA3C-AD08-45E3-84C7-C9753AF510DC}.Debug|x64.ActiveCfg = Debug|Any CPU
		{E7B8CA3C-AD08-45E3-84C7-C9753AF510DC}.Debug|x64.Build.0 = Debug|Any CPU
		{E7B8CA3C-AD08-45E3-84C7-C9753AF510DC}.Debug|x86.ActiveCfg = Debug|Any CPU
		{E7B8CA3C-AD08-45E3-84C7-C9753AF510DC}.Debug|x86.Build.0 = Debug|Any CPU
		{E7B8CA3C-AD08-45E3-84C7-C9753AF510DC}.Release|Any CPU.ActiveCfg = Release|Any CPU
		{E7B8CA3C-AD08-45E3-84C7-C9753AF510DC}.Release|Any CPU.Build.0 = Release|Any CPU
		{E7B8CA3C-AD08-45E3-84C7-C9753AF510DC}.Release|x64.ActiveCfg = Release|Any CPU
		{E7B8CA3C-AD08-45E3-84C7-C9753AF510DC}.Release|x64.Build.0 = Release|Any CPU
		{E7B8CA3C-AD08-45E3-84C7-C9753AF510DC}.Release|x86.ActiveCfg = Release|Any CPU
		{E7B8CA3C-AD08-45E3-84C7-C9753AF510DC}.Release|x86.Build.0 = Release|Any CPU
		{315B8780-B0C0-4C7D-9E7B-997015D4A189}.Debug|Any CPU.ActiveCfg = Debug|Any CPU
		{315B8780-B0C0-4C7D-9E7B-997015D4A189}.Debug|Any CPU.Build.0 = Debug|Any CPU
		{315B8780-B0C0-4C7D-9E7B-997015D4A189}.Debug|x64.ActiveCfg = Debug|Any CPU
		{315B8780-B0C0-4C7D-9E7B-997015D4A189}.Debug|x64.Build.0 = Debug|Any CPU
		{315B8780-B0C0-4C7D-9E7B-997015D4A189}.Debug|x86.ActiveCfg = Debug|Any CPU
		{315B8780-B0C0-4C7D-9E7B-997015D4A189}.Debug|x86.Build.0 = Debug|Any CPU
		{315B8780-B0C0-4C7D-9E7B-997015D4A189}.Release|Any CPU.ActiveCfg = Release|Any CPU
		{315B8780-B0C0-4C7D-9E7B-997015D4A189}.Release|Any CPU.Build.0 = Release|Any CPU
		{315B8780-B0C0-4C7D-9E7B-997015D4A189}.Release|x64.ActiveCfg = Release|Any CPU
		{315B8780-B0C0-4C7D-9E7B-997015D4A189}.Release|x64.Build.0 = Release|Any CPU
		{315B8780-B0C0-4C7D-9E7B-997015D4A189}.Release|x86.ActiveCfg = Release|Any CPU
		{315B8780-B0C0-4C7D-9E7B-997015D4A189}.Release|x86.Build.0 = Release|Any CPU
		{DC64D2BF-145D-4C2D-B669-2A26EB39960B}.Debug|Any CPU.ActiveCfg = Debug|Any CPU
		{DC64D2BF-145D-4C2D-B669-2A26EB39960B}.Debug|Any CPU.Build.0 = Debug|Any CPU
		{DC64D2BF-145D-4C2D-B669-2A26EB39960B}.Debug|x64.ActiveCfg = Debug|Any CPU
		{DC64D2BF-145D-4C2D-B669-2A26EB39960B}.Debug|x64.Build.0 = Debug|Any CPU
		{DC64D2BF-145D-4C2D-B669-2A26EB39960B}.Debug|x86.ActiveCfg = Debug|Any CPU
		{DC64D2BF-145D-4C2D-B669-2A26EB39960B}.Debug|x86.Build.0 = Debug|Any CPU
		{DC64D2BF-145D-4C2D-B669-2A26EB39960B}.Release|Any CPU.ActiveCfg = Release|Any CPU
		{DC64D2BF-145D-4C2D-B669-2A26EB39960B}.Release|Any CPU.Build.0 = Release|Any CPU
		{DC64D2BF-145D-4C2D-B669-2A26EB39960B}.Release|x64.ActiveCfg = Release|Any CPU
		{DC64D2BF-145D-4C2D-B669-2A26EB39960B}.Release|x64.Build.0 = Release|Any CPU
		{DC64D2BF-145D-4C2D-B669-2A26EB39960B}.Release|x86.ActiveCfg = Release|Any CPU
		{DC64D2BF-145D-4C2D-B669-2A26EB39960B}.Release|x86.Build.0 = Release|Any CPU
		{2C79A0B5-0CEF-45D3-8480-A4B6DEB9452C}.Debug|Any CPU.ActiveCfg = Debug|Any CPU
		{2C79A0B5-0CEF-45D3-8480-A4B6DEB9452C}.Debug|Any CPU.Build.0 = Debug|Any CPU
		{2C79A0B5-0CEF-45D3-8480-A4B6DEB9452C}.Debug|x64.ActiveCfg = Debug|Any CPU
		{2C79A0B5-0CEF-45D3-8480-A4B6DEB9452C}.Debug|x64.Build.0 = Debug|Any CPU
		{2C79A0B5-0CEF-45D3-8480-A4B6DEB9452C}.Debug|x86.ActiveCfg = Debug|Any CPU
		{2C79A0B5-0CEF-45D3-8480-A4B6DEB9452C}.Debug|x86.Build.0 = Debug|Any CPU
		{2C79A0B5-0CEF-45D3-8480-A4B6DEB9452C}.Release|Any CPU.ActiveCfg = Release|Any CPU
		{2C79A0B5-0CEF-45D3-8480-A4B6DEB9452C}.Release|Any CPU.Build.0 = Release|Any CPU
		{2C79A0B5-0CEF-45D3-8480-A4B6DEB9452C}.Release|x64.ActiveCfg = Release|Any CPU
		{2C79A0B5-0CEF-45D3-8480-A4B6DEB9452C}.Release|x64.Build.0 = Release|Any CPU
		{2C79A0B5-0CEF-45D3-8480-A4B6DEB9452C}.Release|x86.ActiveCfg = Release|Any CPU
		{2C79A0B5-0CEF-45D3-8480-A4B6DEB9452C}.Release|x86.Build.0 = Release|Any CPU
		{9A12B90C-5ED0-4952-9C2E-B1C7B4CAE1BA}.Debug|Any CPU.ActiveCfg = Debug|Any CPU
		{9A12B90C-5ED0-4952-9C2E-B1C7B4CAE1BA}.Debug|Any CPU.Build.0 = Debug|Any CPU
		{9A12B90C-5ED0-4952-9C2E-B1C7B4CAE1BA}.Debug|x64.ActiveCfg = Debug|Any CPU
		{9A12B90C-5ED0-4952-9C2E-B1C7B4CAE1BA}.Debug|x64.Build.0 = Debug|Any CPU
		{9A12B90C-5ED0-4952-9C2E-B1C7B4CAE1BA}.Debug|x86.ActiveCfg = Debug|Any CPU
		{9A12B90C-5ED0-4952-9C2E-B1C7B4CAE1BA}.Debug|x86.Build.0 = Debug|Any CPU
		{9A12B90C-5ED0-4952-9C2E-B1C7B4CAE1BA}.Release|Any CPU.ActiveCfg = Release|Any CPU
		{9A12B90C-5ED0-4952-9C2E-B1C7B4CAE1BA}.Release|Any CPU.Build.0 = Release|Any CPU
		{9A12B90C-5ED0-4952-9C2E-B1C7B4CAE1BA}.Release|x64.ActiveCfg = Release|Any CPU
		{9A12B90C-5ED0-4952-9C2E-B1C7B4CAE1BA}.Release|x64.Build.0 = Release|Any CPU
		{9A12B90C-5ED0-4952-9C2E-B1C7B4CAE1BA}.Release|x86.ActiveCfg = Release|Any CPU
		{9A12B90C-5ED0-4952-9C2E-B1C7B4CAE1BA}.Release|x86.Build.0 = Release|Any CPU
		{6CE44435-962C-4982-A4FC-6725EA79B3F5}.Debug|Any CPU.ActiveCfg = Debug|Any CPU
		{6CE44435-962C-4982-A4FC-6725EA79B3F5}.Debug|Any CPU.Build.0 = Debug|Any CPU
		{6CE44435-962C-4982-A4FC-6725EA79B3F5}.Debug|x64.ActiveCfg = Debug|Any CPU
		{6CE44435-962C-4982-A4FC-6725EA79B3F5}.Debug|x64.Build.0 = Debug|Any CPU
		{6CE44435-962C-4982-A4FC-6725EA79B3F5}.Debug|x86.ActiveCfg = Debug|Any CPU
		{6CE44435-962C-4982-A4FC-6725EA79B3F5}.Debug|x86.Build.0 = Debug|Any CPU
		{6CE44435-962C-4982-A4FC-6725EA79B3F5}.Release|Any CPU.ActiveCfg = Release|Any CPU
		{6CE44435-962C-4982-A4FC-6725EA79B3F5}.Release|Any CPU.Build.0 = Release|Any CPU
		{6CE44435-962C-4982-A4FC-6725EA79B3F5}.Release|x64.ActiveCfg = Release|Any CPU
		{6CE44435-962C-4982-A4FC-6725EA79B3F5}.Release|x64.Build.0 = Release|Any CPU
		{6CE44435-962C-4982-A4FC-6725EA79B3F5}.Release|x86.ActiveCfg = Release|Any CPU
		{6CE44435-962C-4982-A4FC-6725EA79B3F5}.Release|x86.Build.0 = Release|Any CPU
		{22F38CEC-B8CC-478C-BC74-616EDE96474A}.Debug|Any CPU.ActiveCfg = Debug|Any CPU
		{22F38CEC-B8CC-478C-BC74-616EDE96474A}.Debug|Any CPU.Build.0 = Debug|Any CPU
		{22F38CEC-B8CC-478C-BC74-616EDE96474A}.Debug|x64.ActiveCfg = Debug|Any CPU
		{22F38CEC-B8CC-478C-BC74-616EDE96474A}.Debug|x64.Build.0 = Debug|Any CPU
		{22F38CEC-B8CC-478C-BC74-616EDE96474A}.Debug|x86.ActiveCfg = Debug|Any CPU
		{22F38CEC-B8CC-478C-BC74-616EDE96474A}.Debug|x86.Build.0 = Debug|Any CPU
		{22F38CEC-B8CC-478C-BC74-616EDE96474A}.Release|Any CPU.ActiveCfg = Release|Any CPU
		{22F38CEC-B8CC-478C-BC74-616EDE96474A}.Release|Any CPU.Build.0 = Release|Any CPU
		{22F38CEC-B8CC-478C-BC74-616EDE96474A}.Release|x64.ActiveCfg = Release|Any CPU
		{22F38CEC-B8CC-478C-BC74-616EDE96474A}.Release|x64.Build.0 = Release|Any CPU
		{22F38CEC-B8CC-478C-BC74-616EDE96474A}.Release|x86.ActiveCfg = Release|Any CPU
		{22F38CEC-B8CC-478C-BC74-616EDE96474A}.Release|x86.Build.0 = Release|Any CPU
		{81036DC2-4977-4F08-87BA-EF1D5C7EF823}.Debug|Any CPU.ActiveCfg = Debug|Any CPU
		{81036DC2-4977-4F08-87BA-EF1D5C7EF823}.Debug|Any CPU.Build.0 = Debug|Any CPU
		{81036DC2-4977-4F08-87BA-EF1D5C7EF823}.Debug|x64.ActiveCfg = Debug|Any CPU
		{81036DC2-4977-4F08-87BA-EF1D5C7EF823}.Debug|x64.Build.0 = Debug|Any CPU
		{81036DC2-4977-4F08-87BA-EF1D5C7EF823}.Debug|x86.ActiveCfg = Debug|Any CPU
		{81036DC2-4977-4F08-87BA-EF1D5C7EF823}.Debug|x86.Build.0 = Debug|Any CPU
		{81036DC2-4977-4F08-87BA-EF1D5C7EF823}.Release|Any CPU.ActiveCfg = Release|Any CPU
		{81036DC2-4977-4F08-87BA-EF1D5C7EF823}.Release|Any CPU.Build.0 = Release|Any CPU
		{81036DC2-4977-4F08-87BA-EF1D5C7EF823}.Release|x64.ActiveCfg = Release|Any CPU
		{81036DC2-4977-4F08-87BA-EF1D5C7EF823}.Release|x64.Build.0 = Release|Any CPU
		{81036DC2-4977-4F08-87BA-EF1D5C7EF823}.Release|x86.ActiveCfg = Release|Any CPU
		{81036DC2-4977-4F08-87BA-EF1D5C7EF823}.Release|x86.Build.0 = Release|Any CPU
		{1303B3F3-72C7-4CF2-AA38-59E52CB622F6}.Debug|Any CPU.ActiveCfg = Debug|Any CPU
		{1303B3F3-72C7-4CF2-AA38-59E52CB622F6}.Debug|Any CPU.Build.0 = Debug|Any CPU
		{1303B3F3-72C7-4CF2-AA38-59E52CB622F6}.Debug|x64.ActiveCfg = Debug|Any CPU
		{1303B3F3-72C7-4CF2-AA38-59E52CB622F6}.Debug|x64.Build.0 = Debug|Any CPU
		{1303B3F3-72C7-4CF2-AA38-59E52CB622F6}.Debug|x86.ActiveCfg = Debug|Any CPU
		{1303B3F3-72C7-4CF2-AA38-59E52CB622F6}.Debug|x86.Build.0 = Debug|Any CPU
		{1303B3F3-72C7-4CF2-AA38-59E52CB622F6}.Release|Any CPU.ActiveCfg = Release|Any CPU
		{1303B3F3-72C7-4CF2-AA38-59E52CB622F6}.Release|Any CPU.Build.0 = Release|Any CPU
		{1303B3F3-72C7-4CF2-AA38-59E52CB622F6}.Release|x64.ActiveCfg = Release|Any CPU
		{1303B3F3-72C7-4CF2-AA38-59E52CB622F6}.Release|x64.Build.0 = Release|Any CPU
		{1303B3F3-72C7-4CF2-AA38-59E52CB622F6}.Release|x86.ActiveCfg = Release|Any CPU
		{1303B3F3-72C7-4CF2-AA38-59E52CB622F6}.Release|x86.Build.0 = Release|Any CPU
		{4C8F184B-8980-48C9-87DE-1896F1280C8A}.Debug|Any CPU.ActiveCfg = Debug|Any CPU
		{4C8F184B-8980-48C9-87DE-1896F1280C8A}.Debug|Any CPU.Build.0 = Debug|Any CPU
		{4C8F184B-8980-48C9-87DE-1896F1280C8A}.Debug|x64.ActiveCfg = Debug|Any CPU
		{4C8F184B-8980-48C9-87DE-1896F1280C8A}.Debug|x64.Build.0 = Debug|Any CPU
		{4C8F184B-8980-48C9-87DE-1896F1280C8A}.Debug|x86.ActiveCfg = Debug|Any CPU
		{4C8F184B-8980-48C9-87DE-1896F1280C8A}.Debug|x86.Build.0 = Debug|Any CPU
		{4C8F184B-8980-48C9-87DE-1896F1280C8A}.Release|Any CPU.ActiveCfg = Release|Any CPU
		{4C8F184B-8980-48C9-87DE-1896F1280C8A}.Release|Any CPU.Build.0 = Release|Any CPU
		{4C8F184B-8980-48C9-87DE-1896F1280C8A}.Release|x64.ActiveCfg = Release|Any CPU
		{4C8F184B-8980-48C9-87DE-1896F1280C8A}.Release|x64.Build.0 = Release|Any CPU
		{4C8F184B-8980-48C9-87DE-1896F1280C8A}.Release|x86.ActiveCfg = Release|Any CPU
		{4C8F184B-8980-48C9-87DE-1896F1280C8A}.Release|x86.Build.0 = Release|Any CPU
		{DD6E6ACB-14E2-452B-A44C-FD31B165254D}.Debug|Any CPU.ActiveCfg = Debug|Any CPU
		{DD6E6ACB-14E2-452B-A44C-FD31B165254D}.Debug|Any CPU.Build.0 = Debug|Any CPU
		{DD6E6ACB-14E2-452B-A44C-FD31B165254D}.Debug|x64.ActiveCfg = Debug|Any CPU
		{DD6E6ACB-14E2-452B-A44C-FD31B165254D}.Debug|x64.Build.0 = Debug|Any CPU
		{DD6E6ACB-14E2-452B-A44C-FD31B165254D}.Debug|x86.ActiveCfg = Debug|Any CPU
		{DD6E6ACB-14E2-452B-A44C-FD31B165254D}.Debug|x86.Build.0 = Debug|Any CPU
		{DD6E6ACB-14E2-452B-A44C-FD31B165254D}.Release|Any CPU.ActiveCfg = Release|Any CPU
		{DD6E6ACB-14E2-452B-A44C-FD31B165254D}.Release|Any CPU.Build.0 = Release|Any CPU
		{DD6E6ACB-14E2-452B-A44C-FD31B165254D}.Release|x64.ActiveCfg = Release|Any CPU
		{DD6E6ACB-14E2-452B-A44C-FD31B165254D}.Release|x64.Build.0 = Release|Any CPU
		{DD6E6ACB-14E2-452B-A44C-FD31B165254D}.Release|x86.ActiveCfg = Release|Any CPU
		{DD6E6ACB-14E2-452B-A44C-FD31B165254D}.Release|x86.Build.0 = Release|Any CPU
		{36505B7E-F574-4638-8BFE-BF8099FF9483}.Debug|Any CPU.ActiveCfg = Debug|Any CPU
		{36505B7E-F574-4638-8BFE-BF8099FF9483}.Debug|Any CPU.Build.0 = Debug|Any CPU
		{36505B7E-F574-4638-8BFE-BF8099FF9483}.Debug|x64.ActiveCfg = Debug|Any CPU
		{36505B7E-F574-4638-8BFE-BF8099FF9483}.Debug|x64.Build.0 = Debug|Any CPU
		{36505B7E-F574-4638-8BFE-BF8099FF9483}.Debug|x86.ActiveCfg = Debug|Any CPU
		{36505B7E-F574-4638-8BFE-BF8099FF9483}.Debug|x86.Build.0 = Debug|Any CPU
		{36505B7E-F574-4638-8BFE-BF8099FF9483}.Release|Any CPU.ActiveCfg = Release|Any CPU
		{36505B7E-F574-4638-8BFE-BF8099FF9483}.Release|Any CPU.Build.0 = Release|Any CPU
		{36505B7E-F574-4638-8BFE-BF8099FF9483}.Release|x64.ActiveCfg = Release|Any CPU
		{36505B7E-F574-4638-8BFE-BF8099FF9483}.Release|x64.Build.0 = Release|Any CPU
		{36505B7E-F574-4638-8BFE-BF8099FF9483}.Release|x86.ActiveCfg = Release|Any CPU
		{36505B7E-F574-4638-8BFE-BF8099FF9483}.Release|x86.Build.0 = Release|Any CPU
		{824A8271-9FD5-4A05-BF57-5630FF0CFFBD}.Debug|Any CPU.ActiveCfg = Debug|Any CPU
		{824A8271-9FD5-4A05-BF57-5630FF0CFFBD}.Debug|Any CPU.Build.0 = Debug|Any CPU
		{824A8271-9FD5-4A05-BF57-5630FF0CFFBD}.Debug|x64.ActiveCfg = Debug|Any CPU
		{824A8271-9FD5-4A05-BF57-5630FF0CFFBD}.Debug|x64.Build.0 = Debug|Any CPU
		{824A8271-9FD5-4A05-BF57-5630FF0CFFBD}.Debug|x86.ActiveCfg = Debug|Any CPU
		{824A8271-9FD5-4A05-BF57-5630FF0CFFBD}.Debug|x86.Build.0 = Debug|Any CPU
		{824A8271-9FD5-4A05-BF57-5630FF0CFFBD}.Release|Any CPU.ActiveCfg = Release|Any CPU
		{824A8271-9FD5-4A05-BF57-5630FF0CFFBD}.Release|Any CPU.Build.0 = Release|Any CPU
		{824A8271-9FD5-4A05-BF57-5630FF0CFFBD}.Release|x64.ActiveCfg = Release|Any CPU
		{824A8271-9FD5-4A05-BF57-5630FF0CFFBD}.Release|x64.Build.0 = Release|Any CPU
		{824A8271-9FD5-4A05-BF57-5630FF0CFFBD}.Release|x86.ActiveCfg = Release|Any CPU
		{824A8271-9FD5-4A05-BF57-5630FF0CFFBD}.Release|x86.Build.0 = Release|Any CPU
		{29D7EA22-28F5-4211-A884-500FD675D543}.Debug|Any CPU.ActiveCfg = Debug|Any CPU
		{29D7EA22-28F5-4211-A884-500FD675D543}.Debug|Any CPU.Build.0 = Debug|Any CPU
		{29D7EA22-28F5-4211-A884-500FD675D543}.Debug|x64.ActiveCfg = Debug|Any CPU
		{29D7EA22-28F5-4211-A884-500FD675D543}.Debug|x64.Build.0 = Debug|Any CPU
		{29D7EA22-28F5-4211-A884-500FD675D543}.Debug|x86.ActiveCfg = Debug|Any CPU
		{29D7EA22-28F5-4211-A884-500FD675D543}.Debug|x86.Build.0 = Debug|Any CPU
		{29D7EA22-28F5-4211-A884-500FD675D543}.Release|Any CPU.ActiveCfg = Release|Any CPU
		{29D7EA22-28F5-4211-A884-500FD675D543}.Release|Any CPU.Build.0 = Release|Any CPU
		{29D7EA22-28F5-4211-A884-500FD675D543}.Release|x64.ActiveCfg = Release|Any CPU
		{29D7EA22-28F5-4211-A884-500FD675D543}.Release|x64.Build.0 = Release|Any CPU
		{29D7EA22-28F5-4211-A884-500FD675D543}.Release|x86.ActiveCfg = Release|Any CPU
		{29D7EA22-28F5-4211-A884-500FD675D543}.Release|x86.Build.0 = Release|Any CPU
		{F3594E30-DA84-4538-BAA3-0959B86AA879}.Debug|Any CPU.ActiveCfg = Debug|Any CPU
		{F3594E30-DA84-4538-BAA3-0959B86AA879}.Debug|Any CPU.Build.0 = Debug|Any CPU
		{F3594E30-DA84-4538-BAA3-0959B86AA879}.Debug|x64.ActiveCfg = Debug|Any CPU
		{F3594E30-DA84-4538-BAA3-0959B86AA879}.Debug|x64.Build.0 = Debug|Any CPU
		{F3594E30-DA84-4538-BAA3-0959B86AA879}.Debug|x86.ActiveCfg = Debug|Any CPU
		{F3594E30-DA84-4538-BAA3-0959B86AA879}.Debug|x86.Build.0 = Debug|Any CPU
		{F3594E30-DA84-4538-BAA3-0959B86AA879}.Release|Any CPU.ActiveCfg = Release|Any CPU
		{F3594E30-DA84-4538-BAA3-0959B86AA879}.Release|Any CPU.Build.0 = Release|Any CPU
		{F3594E30-DA84-4538-BAA3-0959B86AA879}.Release|x64.ActiveCfg = Release|Any CPU
		{F3594E30-DA84-4538-BAA3-0959B86AA879}.Release|x64.Build.0 = Release|Any CPU
		{F3594E30-DA84-4538-BAA3-0959B86AA879}.Release|x86.ActiveCfg = Release|Any CPU
		{F3594E30-DA84-4538-BAA3-0959B86AA879}.Release|x86.Build.0 = Release|Any CPU
		{3AEDCC34-FBCE-4955-A329-F5A832F292E6}.Debug|Any CPU.ActiveCfg = Debug|Any CPU
		{3AEDCC34-FBCE-4955-A329-F5A832F292E6}.Debug|Any CPU.Build.0 = Debug|Any CPU
		{3AEDCC34-FBCE-4955-A329-F5A832F292E6}.Debug|x64.ActiveCfg = Debug|Any CPU
		{3AEDCC34-FBCE-4955-A329-F5A832F292E6}.Debug|x64.Build.0 = Debug|Any CPU
		{3AEDCC34-FBCE-4955-A329-F5A832F292E6}.Debug|x86.ActiveCfg = Debug|x86
		{3AEDCC34-FBCE-4955-A329-F5A832F292E6}.Debug|x86.Build.0 = Debug|x86
		{3AEDCC34-FBCE-4955-A329-F5A832F292E6}.Release|Any CPU.ActiveCfg = Release|Any CPU
		{3AEDCC34-FBCE-4955-A329-F5A832F292E6}.Release|Any CPU.Build.0 = Release|Any CPU
		{3AEDCC34-FBCE-4955-A329-F5A832F292E6}.Release|x64.ActiveCfg = Release|Any CPU
		{3AEDCC34-FBCE-4955-A329-F5A832F292E6}.Release|x64.Build.0 = Release|Any CPU
		{3AEDCC34-FBCE-4955-A329-F5A832F292E6}.Release|x86.ActiveCfg = Release|x86
		{3AEDCC34-FBCE-4955-A329-F5A832F292E6}.Release|x86.Build.0 = Release|x86
		{FAB314C1-525D-462B-82BE-560B6FA224C5}.Debug|Any CPU.ActiveCfg = Debug|Any CPU
		{FAB314C1-525D-462B-82BE-560B6FA224C5}.Debug|Any CPU.Build.0 = Debug|Any CPU
		{FAB314C1-525D-462B-82BE-560B6FA224C5}.Debug|x64.ActiveCfg = Debug|Any CPU
		{FAB314C1-525D-462B-82BE-560B6FA224C5}.Debug|x64.Build.0 = Debug|Any CPU
		{FAB314C1-525D-462B-82BE-560B6FA224C5}.Debug|x86.ActiveCfg = Debug|Any CPU
		{FAB314C1-525D-462B-82BE-560B6FA224C5}.Debug|x86.Build.0 = Debug|Any CPU
		{FAB314C1-525D-462B-82BE-560B6FA224C5}.Release|Any CPU.ActiveCfg = Release|Any CPU
		{FAB314C1-525D-462B-82BE-560B6FA224C5}.Release|Any CPU.Build.0 = Release|Any CPU
		{FAB314C1-525D-462B-82BE-560B6FA224C5}.Release|x64.ActiveCfg = Release|Any CPU
		{FAB314C1-525D-462B-82BE-560B6FA224C5}.Release|x64.Build.0 = Release|Any CPU
		{FAB314C1-525D-462B-82BE-560B6FA224C5}.Release|x86.ActiveCfg = Release|Any CPU
		{FAB314C1-525D-462B-82BE-560B6FA224C5}.Release|x86.Build.0 = Release|Any CPU
		{969AEE6A-2410-4621-A57A-129C7A2D466C}.Debug|Any CPU.ActiveCfg = Debug|Any CPU
		{969AEE6A-2410-4621-A57A-129C7A2D466C}.Debug|Any CPU.Build.0 = Debug|Any CPU
		{969AEE6A-2410-4621-A57A-129C7A2D466C}.Debug|x64.ActiveCfg = Debug|Any CPU
		{969AEE6A-2410-4621-A57A-129C7A2D466C}.Debug|x64.Build.0 = Debug|Any CPU
		{969AEE6A-2410-4621-A57A-129C7A2D466C}.Debug|x86.ActiveCfg = Debug|Any CPU
		{969AEE6A-2410-4621-A57A-129C7A2D466C}.Debug|x86.Build.0 = Debug|Any CPU
		{969AEE6A-2410-4621-A57A-129C7A2D466C}.Release|Any CPU.ActiveCfg = Release|Any CPU
		{969AEE6A-2410-4621-A57A-129C7A2D466C}.Release|Any CPU.Build.0 = Release|Any CPU
		{969AEE6A-2410-4621-A57A-129C7A2D466C}.Release|x64.ActiveCfg = Release|Any CPU
		{969AEE6A-2410-4621-A57A-129C7A2D466C}.Release|x64.Build.0 = Release|Any CPU
		{969AEE6A-2410-4621-A57A-129C7A2D466C}.Release|x86.ActiveCfg = Release|Any CPU
		{969AEE6A-2410-4621-A57A-129C7A2D466C}.Release|x86.Build.0 = Release|Any CPU
		{B1346D9E-C3BD-4D57-8956-D44AF6346881}.Debug|Any CPU.ActiveCfg = Debug|Any CPU
		{B1346D9E-C3BD-4D57-8956-D44AF6346881}.Debug|Any CPU.Build.0 = Debug|Any CPU
		{B1346D9E-C3BD-4D57-8956-D44AF6346881}.Debug|x64.ActiveCfg = Debug|Any CPU
		{B1346D9E-C3BD-4D57-8956-D44AF6346881}.Debug|x64.Build.0 = Debug|Any CPU
		{B1346D9E-C3BD-4D57-8956-D44AF6346881}.Debug|x86.ActiveCfg = Debug|Any CPU
		{B1346D9E-C3BD-4D57-8956-D44AF6346881}.Debug|x86.Build.0 = Debug|Any CPU
		{B1346D9E-C3BD-4D57-8956-D44AF6346881}.Release|Any CPU.ActiveCfg = Release|Any CPU
		{B1346D9E-C3BD-4D57-8956-D44AF6346881}.Release|Any CPU.Build.0 = Release|Any CPU
		{B1346D9E-C3BD-4D57-8956-D44AF6346881}.Release|x64.ActiveCfg = Release|Any CPU
		{B1346D9E-C3BD-4D57-8956-D44AF6346881}.Release|x64.Build.0 = Release|Any CPU
		{B1346D9E-C3BD-4D57-8956-D44AF6346881}.Release|x86.ActiveCfg = Release|Any CPU
		{B1346D9E-C3BD-4D57-8956-D44AF6346881}.Release|x86.Build.0 = Release|Any CPU
		{7214F82D-8FFE-4AA1-8EC2-6095E478D1E2}.Debug|Any CPU.ActiveCfg = Debug|Any CPU
		{7214F82D-8FFE-4AA1-8EC2-6095E478D1E2}.Debug|Any CPU.Build.0 = Debug|Any CPU
		{7214F82D-8FFE-4AA1-8EC2-6095E478D1E2}.Debug|x64.ActiveCfg = Debug|Any CPU
		{7214F82D-8FFE-4AA1-8EC2-6095E478D1E2}.Debug|x64.Build.0 = Debug|Any CPU
		{7214F82D-8FFE-4AA1-8EC2-6095E478D1E2}.Debug|x86.ActiveCfg = Debug|Any CPU
		{7214F82D-8FFE-4AA1-8EC2-6095E478D1E2}.Debug|x86.Build.0 = Debug|Any CPU
		{7214F82D-8FFE-4AA1-8EC2-6095E478D1E2}.Release|Any CPU.ActiveCfg = Release|Any CPU
		{7214F82D-8FFE-4AA1-8EC2-6095E478D1E2}.Release|Any CPU.Build.0 = Release|Any CPU
		{7214F82D-8FFE-4AA1-8EC2-6095E478D1E2}.Release|x64.ActiveCfg = Release|Any CPU
		{7214F82D-8FFE-4AA1-8EC2-6095E478D1E2}.Release|x64.Build.0 = Release|Any CPU
		{7214F82D-8FFE-4AA1-8EC2-6095E478D1E2}.Release|x86.ActiveCfg = Release|Any CPU
		{7214F82D-8FFE-4AA1-8EC2-6095E478D1E2}.Release|x86.Build.0 = Release|Any CPU
		{4169D94C-5E90-46BB-8871-E1A945D8EE35}.Debug|Any CPU.ActiveCfg = Debug|Any CPU
		{4169D94C-5E90-46BB-8871-E1A945D8EE35}.Debug|Any CPU.Build.0 = Debug|Any CPU
		{4169D94C-5E90-46BB-8871-E1A945D8EE35}.Debug|x64.ActiveCfg = Debug|Any CPU
		{4169D94C-5E90-46BB-8871-E1A945D8EE35}.Debug|x64.Build.0 = Debug|Any CPU
		{4169D94C-5E90-46BB-8871-E1A945D8EE35}.Debug|x86.ActiveCfg = Debug|Any CPU
		{4169D94C-5E90-46BB-8871-E1A945D8EE35}.Debug|x86.Build.0 = Debug|Any CPU
		{4169D94C-5E90-46BB-8871-E1A945D8EE35}.Release|Any CPU.ActiveCfg = Release|Any CPU
		{4169D94C-5E90-46BB-8871-E1A945D8EE35}.Release|Any CPU.Build.0 = Release|Any CPU
		{4169D94C-5E90-46BB-8871-E1A945D8EE35}.Release|x64.ActiveCfg = Release|Any CPU
		{4169D94C-5E90-46BB-8871-E1A945D8EE35}.Release|x64.Build.0 = Release|Any CPU
		{4169D94C-5E90-46BB-8871-E1A945D8EE35}.Release|x86.ActiveCfg = Release|Any CPU
		{4169D94C-5E90-46BB-8871-E1A945D8EE35}.Release|x86.Build.0 = Release|Any CPU
		{8EA14586-26DF-40AE-B7A3-1C575004CEC8}.Debug|Any CPU.ActiveCfg = Debug|Any CPU
		{8EA14586-26DF-40AE-B7A3-1C575004CEC8}.Debug|Any CPU.Build.0 = Debug|Any CPU
		{8EA14586-26DF-40AE-B7A3-1C575004CEC8}.Debug|x64.ActiveCfg = Debug|Any CPU
		{8EA14586-26DF-40AE-B7A3-1C575004CEC8}.Debug|x64.Build.0 = Debug|Any CPU
		{8EA14586-26DF-40AE-B7A3-1C575004CEC8}.Debug|x86.ActiveCfg = Debug|Any CPU
		{8EA14586-26DF-40AE-B7A3-1C575004CEC8}.Debug|x86.Build.0 = Debug|Any CPU
		{8EA14586-26DF-40AE-B7A3-1C575004CEC8}.Release|Any CPU.ActiveCfg = Release|Any CPU
		{8EA14586-26DF-40AE-B7A3-1C575004CEC8}.Release|Any CPU.Build.0 = Release|Any CPU
		{8EA14586-26DF-40AE-B7A3-1C575004CEC8}.Release|x64.ActiveCfg = Release|Any CPU
		{8EA14586-26DF-40AE-B7A3-1C575004CEC8}.Release|x64.Build.0 = Release|Any CPU
		{8EA14586-26DF-40AE-B7A3-1C575004CEC8}.Release|x86.ActiveCfg = Release|Any CPU
		{8EA14586-26DF-40AE-B7A3-1C575004CEC8}.Release|x86.Build.0 = Release|Any CPU
		{69A0EE45-348F-4668-A2C8-9E4604D64D13}.Debug|Any CPU.ActiveCfg = Debug|Any CPU
		{69A0EE45-348F-4668-A2C8-9E4604D64D13}.Debug|Any CPU.Build.0 = Debug|Any CPU
		{69A0EE45-348F-4668-A2C8-9E4604D64D13}.Debug|x64.ActiveCfg = Debug|Any CPU
		{69A0EE45-348F-4668-A2C8-9E4604D64D13}.Debug|x64.Build.0 = Debug|Any CPU
		{69A0EE45-348F-4668-A2C8-9E4604D64D13}.Debug|x86.ActiveCfg = Debug|Any CPU
		{69A0EE45-348F-4668-A2C8-9E4604D64D13}.Debug|x86.Build.0 = Debug|Any CPU
		{69A0EE45-348F-4668-A2C8-9E4604D64D13}.Release|Any CPU.ActiveCfg = Release|Any CPU
		{69A0EE45-348F-4668-A2C8-9E4604D64D13}.Release|Any CPU.Build.0 = Release|Any CPU
		{69A0EE45-348F-4668-A2C8-9E4604D64D13}.Release|x64.ActiveCfg = Release|Any CPU
		{69A0EE45-348F-4668-A2C8-9E4604D64D13}.Release|x64.Build.0 = Release|Any CPU
		{69A0EE45-348F-4668-A2C8-9E4604D64D13}.Release|x86.ActiveCfg = Release|Any CPU
		{69A0EE45-348F-4668-A2C8-9E4604D64D13}.Release|x86.Build.0 = Release|Any CPU
		{5EB39C1F-AEA0-430B-BFDE-84600B1E8148}.Debug|Any CPU.ActiveCfg = Debug|Any CPU
		{5EB39C1F-AEA0-430B-BFDE-84600B1E8148}.Debug|Any CPU.Build.0 = Debug|Any CPU
		{5EB39C1F-AEA0-430B-BFDE-84600B1E8148}.Debug|x64.ActiveCfg = Debug|Any CPU
		{5EB39C1F-AEA0-430B-BFDE-84600B1E8148}.Debug|x64.Build.0 = Debug|Any CPU
		{5EB39C1F-AEA0-430B-BFDE-84600B1E8148}.Debug|x86.ActiveCfg = Debug|Any CPU
		{5EB39C1F-AEA0-430B-BFDE-84600B1E8148}.Debug|x86.Build.0 = Debug|Any CPU
		{5EB39C1F-AEA0-430B-BFDE-84600B1E8148}.Release|Any CPU.ActiveCfg = Release|Any CPU
		{5EB39C1F-AEA0-430B-BFDE-84600B1E8148}.Release|Any CPU.Build.0 = Release|Any CPU
		{5EB39C1F-AEA0-430B-BFDE-84600B1E8148}.Release|x64.ActiveCfg = Release|Any CPU
		{5EB39C1F-AEA0-430B-BFDE-84600B1E8148}.Release|x64.Build.0 = Release|Any CPU
		{5EB39C1F-AEA0-430B-BFDE-84600B1E8148}.Release|x86.ActiveCfg = Release|Any CPU
		{5EB39C1F-AEA0-430B-BFDE-84600B1E8148}.Release|x86.Build.0 = Release|Any CPU
		{854700C8-A448-466A-A999-6C9BC20F8FEA}.Debug|Any CPU.ActiveCfg = Debug|Any CPU
		{854700C8-A448-466A-A999-6C9BC20F8FEA}.Debug|Any CPU.Build.0 = Debug|Any CPU
		{854700C8-A448-466A-A999-6C9BC20F8FEA}.Debug|x64.ActiveCfg = Debug|Any CPU
		{854700C8-A448-466A-A999-6C9BC20F8FEA}.Debug|x64.Build.0 = Debug|Any CPU
		{854700C8-A448-466A-A999-6C9BC20F8FEA}.Debug|x86.ActiveCfg = Debug|Any CPU
		{854700C8-A448-466A-A999-6C9BC20F8FEA}.Debug|x86.Build.0 = Debug|Any CPU
		{854700C8-A448-466A-A999-6C9BC20F8FEA}.Release|Any CPU.ActiveCfg = Release|Any CPU
		{854700C8-A448-466A-A999-6C9BC20F8FEA}.Release|Any CPU.Build.0 = Release|Any CPU
		{854700C8-A448-466A-A999-6C9BC20F8FEA}.Release|x64.ActiveCfg = Release|Any CPU
		{854700C8-A448-466A-A999-6C9BC20F8FEA}.Release|x64.Build.0 = Release|Any CPU
		{854700C8-A448-466A-A999-6C9BC20F8FEA}.Release|x86.ActiveCfg = Release|Any CPU
		{854700C8-A448-466A-A999-6C9BC20F8FEA}.Release|x86.Build.0 = Release|Any CPU
		{60B1705E-DBED-43D6-AC26-272DCFA0142E}.Debug|Any CPU.ActiveCfg = Debug|Any CPU
		{60B1705E-DBED-43D6-AC26-272DCFA0142E}.Debug|Any CPU.Build.0 = Debug|Any CPU
		{60B1705E-DBED-43D6-AC26-272DCFA0142E}.Debug|x64.ActiveCfg = Debug|Any CPU
		{60B1705E-DBED-43D6-AC26-272DCFA0142E}.Debug|x64.Build.0 = Debug|Any CPU
		{60B1705E-DBED-43D6-AC26-272DCFA0142E}.Debug|x86.ActiveCfg = Debug|Any CPU
		{60B1705E-DBED-43D6-AC26-272DCFA0142E}.Debug|x86.Build.0 = Debug|Any CPU
		{60B1705E-DBED-43D6-AC26-272DCFA0142E}.Release|Any CPU.ActiveCfg = Release|Any CPU
		{60B1705E-DBED-43D6-AC26-272DCFA0142E}.Release|Any CPU.Build.0 = Release|Any CPU
		{60B1705E-DBED-43D6-AC26-272DCFA0142E}.Release|x64.ActiveCfg = Release|Any CPU
		{60B1705E-DBED-43D6-AC26-272DCFA0142E}.Release|x64.Build.0 = Release|Any CPU
		{60B1705E-DBED-43D6-AC26-272DCFA0142E}.Release|x86.ActiveCfg = Release|Any CPU
		{60B1705E-DBED-43D6-AC26-272DCFA0142E}.Release|x86.Build.0 = Release|Any CPU
		{EE96B1B3-C4CC-4D58-B19A-B4FF850240B4}.Debug|Any CPU.ActiveCfg = Debug|Any CPU
		{EE96B1B3-C4CC-4D58-B19A-B4FF850240B4}.Debug|Any CPU.Build.0 = Debug|Any CPU
		{EE96B1B3-C4CC-4D58-B19A-B4FF850240B4}.Debug|x64.ActiveCfg = Debug|Any CPU
		{EE96B1B3-C4CC-4D58-B19A-B4FF850240B4}.Debug|x64.Build.0 = Debug|Any CPU
		{EE96B1B3-C4CC-4D58-B19A-B4FF850240B4}.Debug|x86.ActiveCfg = Debug|Any CPU
		{EE96B1B3-C4CC-4D58-B19A-B4FF850240B4}.Debug|x86.Build.0 = Debug|Any CPU
		{EE96B1B3-C4CC-4D58-B19A-B4FF850240B4}.Release|Any CPU.ActiveCfg = Release|Any CPU
		{EE96B1B3-C4CC-4D58-B19A-B4FF850240B4}.Release|Any CPU.Build.0 = Release|Any CPU
		{EE96B1B3-C4CC-4D58-B19A-B4FF850240B4}.Release|x64.ActiveCfg = Release|Any CPU
		{EE96B1B3-C4CC-4D58-B19A-B4FF850240B4}.Release|x64.Build.0 = Release|Any CPU
		{EE96B1B3-C4CC-4D58-B19A-B4FF850240B4}.Release|x86.ActiveCfg = Release|Any CPU
		{EE96B1B3-C4CC-4D58-B19A-B4FF850240B4}.Release|x86.Build.0 = Release|Any CPU
		{B508D050-743E-4CE8-94FF-9AB010D35344}.Debug|Any CPU.ActiveCfg = Debug|Any CPU
		{B508D050-743E-4CE8-94FF-9AB010D35344}.Debug|Any CPU.Build.0 = Debug|Any CPU
		{B508D050-743E-4CE8-94FF-9AB010D35344}.Debug|x64.ActiveCfg = Debug|Any CPU
		{B508D050-743E-4CE8-94FF-9AB010D35344}.Debug|x64.Build.0 = Debug|Any CPU
		{B508D050-743E-4CE8-94FF-9AB010D35344}.Debug|x86.ActiveCfg = Debug|Any CPU
		{B508D050-743E-4CE8-94FF-9AB010D35344}.Debug|x86.Build.0 = Debug|Any CPU
		{B508D050-743E-4CE8-94FF-9AB010D35344}.Release|Any CPU.ActiveCfg = Release|Any CPU
		{B508D050-743E-4CE8-94FF-9AB010D35344}.Release|Any CPU.Build.0 = Release|Any CPU
		{B508D050-743E-4CE8-94FF-9AB010D35344}.Release|x64.ActiveCfg = Release|Any CPU
		{B508D050-743E-4CE8-94FF-9AB010D35344}.Release|x64.Build.0 = Release|Any CPU
		{B508D050-743E-4CE8-94FF-9AB010D35344}.Release|x86.ActiveCfg = Release|Any CPU
		{B508D050-743E-4CE8-94FF-9AB010D35344}.Release|x86.Build.0 = Release|Any CPU
		{5B8A7B9B-827B-49D6-B331-9D01411CB27C}.Debug|Any CPU.ActiveCfg = Debug|Any CPU
		{5B8A7B9B-827B-49D6-B331-9D01411CB27C}.Debug|Any CPU.Build.0 = Debug|Any CPU
		{5B8A7B9B-827B-49D6-B331-9D01411CB27C}.Debug|x64.ActiveCfg = Debug|Any CPU
		{5B8A7B9B-827B-49D6-B331-9D01411CB27C}.Debug|x64.Build.0 = Debug|Any CPU
		{5B8A7B9B-827B-49D6-B331-9D01411CB27C}.Debug|x86.ActiveCfg = Debug|Any CPU
		{5B8A7B9B-827B-49D6-B331-9D01411CB27C}.Debug|x86.Build.0 = Debug|Any CPU
		{5B8A7B9B-827B-49D6-B331-9D01411CB27C}.Release|Any CPU.ActiveCfg = Release|Any CPU
		{5B8A7B9B-827B-49D6-B331-9D01411CB27C}.Release|Any CPU.Build.0 = Release|Any CPU
		{5B8A7B9B-827B-49D6-B331-9D01411CB27C}.Release|x64.ActiveCfg = Release|Any CPU
		{5B8A7B9B-827B-49D6-B331-9D01411CB27C}.Release|x64.Build.0 = Release|Any CPU
		{5B8A7B9B-827B-49D6-B331-9D01411CB27C}.Release|x86.ActiveCfg = Release|Any CPU
		{5B8A7B9B-827B-49D6-B331-9D01411CB27C}.Release|x86.Build.0 = Release|Any CPU
		{3EF4962B-3105-4D19-810C-7D8CA95A5784}.Debug|Any CPU.ActiveCfg = Debug|Any CPU
		{3EF4962B-3105-4D19-810C-7D8CA95A5784}.Debug|Any CPU.Build.0 = Debug|Any CPU
		{3EF4962B-3105-4D19-810C-7D8CA95A5784}.Debug|x64.ActiveCfg = Debug|Any CPU
		{3EF4962B-3105-4D19-810C-7D8CA95A5784}.Debug|x64.Build.0 = Debug|Any CPU
		{3EF4962B-3105-4D19-810C-7D8CA95A5784}.Debug|x86.ActiveCfg = Debug|Any CPU
		{3EF4962B-3105-4D19-810C-7D8CA95A5784}.Debug|x86.Build.0 = Debug|Any CPU
		{3EF4962B-3105-4D19-810C-7D8CA95A5784}.Release|Any CPU.ActiveCfg = Release|Any CPU
		{3EF4962B-3105-4D19-810C-7D8CA95A5784}.Release|Any CPU.Build.0 = Release|Any CPU
		{3EF4962B-3105-4D19-810C-7D8CA95A5784}.Release|x64.ActiveCfg = Release|Any CPU
		{3EF4962B-3105-4D19-810C-7D8CA95A5784}.Release|x64.Build.0 = Release|Any CPU
		{3EF4962B-3105-4D19-810C-7D8CA95A5784}.Release|x86.ActiveCfg = Release|Any CPU
		{3EF4962B-3105-4D19-810C-7D8CA95A5784}.Release|x86.Build.0 = Release|Any CPU
		{EAD31E15-1C7D-4894-980C-0AD7212553E3}.Debug|Any CPU.ActiveCfg = Debug|Any CPU
		{EAD31E15-1C7D-4894-980C-0AD7212553E3}.Debug|Any CPU.Build.0 = Debug|Any CPU
		{EAD31E15-1C7D-4894-980C-0AD7212553E3}.Debug|x64.ActiveCfg = Debug|Any CPU
		{EAD31E15-1C7D-4894-980C-0AD7212553E3}.Debug|x64.Build.0 = Debug|Any CPU
		{EAD31E15-1C7D-4894-980C-0AD7212553E3}.Debug|x86.ActiveCfg = Debug|Any CPU
		{EAD31E15-1C7D-4894-980C-0AD7212553E3}.Debug|x86.Build.0 = Debug|Any CPU
		{EAD31E15-1C7D-4894-980C-0AD7212553E3}.Release|Any CPU.ActiveCfg = Release|Any CPU
		{EAD31E15-1C7D-4894-980C-0AD7212553E3}.Release|Any CPU.Build.0 = Release|Any CPU
		{EAD31E15-1C7D-4894-980C-0AD7212553E3}.Release|x64.ActiveCfg = Release|Any CPU
		{EAD31E15-1C7D-4894-980C-0AD7212553E3}.Release|x64.Build.0 = Release|Any CPU
		{EAD31E15-1C7D-4894-980C-0AD7212553E3}.Release|x86.ActiveCfg = Release|Any CPU
		{EAD31E15-1C7D-4894-980C-0AD7212553E3}.Release|x86.Build.0 = Release|Any CPU
		{F15D5B23-93C8-4DA3-8063-7A89B9723107}.Debug|Any CPU.ActiveCfg = Debug|Any CPU
		{F15D5B23-93C8-4DA3-8063-7A89B9723107}.Debug|Any CPU.Build.0 = Debug|Any CPU
		{F15D5B23-93C8-4DA3-8063-7A89B9723107}.Debug|x64.ActiveCfg = Debug|Any CPU
		{F15D5B23-93C8-4DA3-8063-7A89B9723107}.Debug|x64.Build.0 = Debug|Any CPU
		{F15D5B23-93C8-4DA3-8063-7A89B9723107}.Debug|x86.ActiveCfg = Debug|Any CPU
		{F15D5B23-93C8-4DA3-8063-7A89B9723107}.Debug|x86.Build.0 = Debug|Any CPU
		{F15D5B23-93C8-4DA3-8063-7A89B9723107}.Release|Any CPU.ActiveCfg = Release|Any CPU
		{F15D5B23-93C8-4DA3-8063-7A89B9723107}.Release|Any CPU.Build.0 = Release|Any CPU
		{F15D5B23-93C8-4DA3-8063-7A89B9723107}.Release|x64.ActiveCfg = Release|Any CPU
		{F15D5B23-93C8-4DA3-8063-7A89B9723107}.Release|x64.Build.0 = Release|Any CPU
		{F15D5B23-93C8-4DA3-8063-7A89B9723107}.Release|x86.ActiveCfg = Release|Any CPU
		{F15D5B23-93C8-4DA3-8063-7A89B9723107}.Release|x86.Build.0 = Release|Any CPU
		{05062D77-DFD0-4F6A-BFB2-2CE15916D031}.Debug|Any CPU.ActiveCfg = Debug|Any CPU
		{05062D77-DFD0-4F6A-BFB2-2CE15916D031}.Debug|Any CPU.Build.0 = Debug|Any CPU
		{05062D77-DFD0-4F6A-BFB2-2CE15916D031}.Debug|x64.ActiveCfg = Debug|Any CPU
		{05062D77-DFD0-4F6A-BFB2-2CE15916D031}.Debug|x64.Build.0 = Debug|Any CPU
		{05062D77-DFD0-4F6A-BFB2-2CE15916D031}.Debug|x86.ActiveCfg = Debug|Any CPU
		{05062D77-DFD0-4F6A-BFB2-2CE15916D031}.Debug|x86.Build.0 = Debug|Any CPU
		{05062D77-DFD0-4F6A-BFB2-2CE15916D031}.Release|Any CPU.ActiveCfg = Release|Any CPU
		{05062D77-DFD0-4F6A-BFB2-2CE15916D031}.Release|Any CPU.Build.0 = Release|Any CPU
		{05062D77-DFD0-4F6A-BFB2-2CE15916D031}.Release|x64.ActiveCfg = Release|Any CPU
		{05062D77-DFD0-4F6A-BFB2-2CE15916D031}.Release|x64.Build.0 = Release|Any CPU
		{05062D77-DFD0-4F6A-BFB2-2CE15916D031}.Release|x86.ActiveCfg = Release|Any CPU
		{05062D77-DFD0-4F6A-BFB2-2CE15916D031}.Release|x86.Build.0 = Release|Any CPU
		{C9DD7A36-A2F2-433F-A3AB-0A5FB2EC331E}.Debug|Any CPU.ActiveCfg = Debug|Any CPU
		{C9DD7A36-A2F2-433F-A3AB-0A5FB2EC331E}.Debug|Any CPU.Build.0 = Debug|Any CPU
		{C9DD7A36-A2F2-433F-A3AB-0A5FB2EC331E}.Debug|x64.ActiveCfg = Debug|Any CPU
		{C9DD7A36-A2F2-433F-A3AB-0A5FB2EC331E}.Debug|x64.Build.0 = Debug|Any CPU
		{C9DD7A36-A2F2-433F-A3AB-0A5FB2EC331E}.Debug|x86.ActiveCfg = Debug|Any CPU
		{C9DD7A36-A2F2-433F-A3AB-0A5FB2EC331E}.Debug|x86.Build.0 = Debug|Any CPU
		{C9DD7A36-A2F2-433F-A3AB-0A5FB2EC331E}.Release|Any CPU.ActiveCfg = Release|Any CPU
		{C9DD7A36-A2F2-433F-A3AB-0A5FB2EC331E}.Release|Any CPU.Build.0 = Release|Any CPU
		{C9DD7A36-A2F2-433F-A3AB-0A5FB2EC331E}.Release|x64.ActiveCfg = Release|Any CPU
		{C9DD7A36-A2F2-433F-A3AB-0A5FB2EC331E}.Release|x64.Build.0 = Release|Any CPU
		{C9DD7A36-A2F2-433F-A3AB-0A5FB2EC331E}.Release|x86.ActiveCfg = Release|Any CPU
		{C9DD7A36-A2F2-433F-A3AB-0A5FB2EC331E}.Release|x86.Build.0 = Release|Any CPU
		{0D7AC818-4402-404B-BBFD-57C7F0F5EBE4}.Debug|Any CPU.ActiveCfg = Debug|Any CPU
		{0D7AC818-4402-404B-BBFD-57C7F0F5EBE4}.Debug|Any CPU.Build.0 = Debug|Any CPU
		{0D7AC818-4402-404B-BBFD-57C7F0F5EBE4}.Debug|x64.ActiveCfg = Debug|Any CPU
		{0D7AC818-4402-404B-BBFD-57C7F0F5EBE4}.Debug|x64.Build.0 = Debug|Any CPU
		{0D7AC818-4402-404B-BBFD-57C7F0F5EBE4}.Debug|x86.ActiveCfg = Debug|Any CPU
		{0D7AC818-4402-404B-BBFD-57C7F0F5EBE4}.Debug|x86.Build.0 = Debug|Any CPU
		{0D7AC818-4402-404B-BBFD-57C7F0F5EBE4}.Release|Any CPU.ActiveCfg = Release|Any CPU
		{0D7AC818-4402-404B-BBFD-57C7F0F5EBE4}.Release|Any CPU.Build.0 = Release|Any CPU
		{0D7AC818-4402-404B-BBFD-57C7F0F5EBE4}.Release|x64.ActiveCfg = Release|Any CPU
		{0D7AC818-4402-404B-BBFD-57C7F0F5EBE4}.Release|x64.Build.0 = Release|Any CPU
		{0D7AC818-4402-404B-BBFD-57C7F0F5EBE4}.Release|x86.ActiveCfg = Release|Any CPU
		{0D7AC818-4402-404B-BBFD-57C7F0F5EBE4}.Release|x86.Build.0 = Release|Any CPU
		{432FAC96-898B-4AA9-BC11-796670F9A344}.Debug|Any CPU.ActiveCfg = Debug|Any CPU
		{432FAC96-898B-4AA9-BC11-796670F9A344}.Debug|Any CPU.Build.0 = Debug|Any CPU
		{432FAC96-898B-4AA9-BC11-796670F9A344}.Debug|x64.ActiveCfg = Debug|Any CPU
		{432FAC96-898B-4AA9-BC11-796670F9A344}.Debug|x64.Build.0 = Debug|Any CPU
		{432FAC96-898B-4AA9-BC11-796670F9A344}.Debug|x86.ActiveCfg = Debug|Any CPU
		{432FAC96-898B-4AA9-BC11-796670F9A344}.Debug|x86.Build.0 = Debug|Any CPU
		{432FAC96-898B-4AA9-BC11-796670F9A344}.Release|Any CPU.ActiveCfg = Release|Any CPU
		{432FAC96-898B-4AA9-BC11-796670F9A344}.Release|Any CPU.Build.0 = Release|Any CPU
		{432FAC96-898B-4AA9-BC11-796670F9A344}.Release|x64.ActiveCfg = Release|Any CPU
		{432FAC96-898B-4AA9-BC11-796670F9A344}.Release|x64.Build.0 = Release|Any CPU
		{432FAC96-898B-4AA9-BC11-796670F9A344}.Release|x86.ActiveCfg = Release|Any CPU
		{432FAC96-898B-4AA9-BC11-796670F9A344}.Release|x86.Build.0 = Release|Any CPU
		{7C171FD0-C5C9-431D-9DF6-3FC4A1B0FF38}.Debug|Any CPU.ActiveCfg = Debug|Any CPU
		{7C171FD0-C5C9-431D-9DF6-3FC4A1B0FF38}.Debug|Any CPU.Build.0 = Debug|Any CPU
		{7C171FD0-C5C9-431D-9DF6-3FC4A1B0FF38}.Debug|x64.ActiveCfg = Debug|Any CPU
		{7C171FD0-C5C9-431D-9DF6-3FC4A1B0FF38}.Debug|x64.Build.0 = Debug|Any CPU
		{7C171FD0-C5C9-431D-9DF6-3FC4A1B0FF38}.Debug|x86.ActiveCfg = Debug|Any CPU
		{7C171FD0-C5C9-431D-9DF6-3FC4A1B0FF38}.Debug|x86.Build.0 = Debug|Any CPU
		{7C171FD0-C5C9-431D-9DF6-3FC4A1B0FF38}.Release|Any CPU.ActiveCfg = Release|Any CPU
		{7C171FD0-C5C9-431D-9DF6-3FC4A1B0FF38}.Release|Any CPU.Build.0 = Release|Any CPU
		{7C171FD0-C5C9-431D-9DF6-3FC4A1B0FF38}.Release|x64.ActiveCfg = Release|Any CPU
		{7C171FD0-C5C9-431D-9DF6-3FC4A1B0FF38}.Release|x64.Build.0 = Release|Any CPU
		{7C171FD0-C5C9-431D-9DF6-3FC4A1B0FF38}.Release|x86.ActiveCfg = Release|Any CPU
		{7C171FD0-C5C9-431D-9DF6-3FC4A1B0FF38}.Release|x86.Build.0 = Release|Any CPU
		{A5541D99-1F0B-43CA-897A-DC85D78F9F7D}.Debug|Any CPU.ActiveCfg = Debug|Any CPU
		{A5541D99-1F0B-43CA-897A-DC85D78F9F7D}.Debug|Any CPU.Build.0 = Debug|Any CPU
		{A5541D99-1F0B-43CA-897A-DC85D78F9F7D}.Debug|x64.ActiveCfg = Debug|Any CPU
		{A5541D99-1F0B-43CA-897A-DC85D78F9F7D}.Debug|x64.Build.0 = Debug|Any CPU
		{A5541D99-1F0B-43CA-897A-DC85D78F9F7D}.Debug|x86.ActiveCfg = Debug|Any CPU
		{A5541D99-1F0B-43CA-897A-DC85D78F9F7D}.Debug|x86.Build.0 = Debug|Any CPU
		{A5541D99-1F0B-43CA-897A-DC85D78F9F7D}.Release|Any CPU.ActiveCfg = Release|Any CPU
		{A5541D99-1F0B-43CA-897A-DC85D78F9F7D}.Release|Any CPU.Build.0 = Release|Any CPU
		{A5541D99-1F0B-43CA-897A-DC85D78F9F7D}.Release|x64.ActiveCfg = Release|Any CPU
		{A5541D99-1F0B-43CA-897A-DC85D78F9F7D}.Release|x64.Build.0 = Release|Any CPU
		{A5541D99-1F0B-43CA-897A-DC85D78F9F7D}.Release|x86.ActiveCfg = Release|Any CPU
		{A5541D99-1F0B-43CA-897A-DC85D78F9F7D}.Release|x86.Build.0 = Release|Any CPU
		{809181D6-35A5-4704-BC1D-68B9662384D5}.Debug|Any CPU.ActiveCfg = Debug|Any CPU
		{809181D6-35A5-4704-BC1D-68B9662384D5}.Debug|Any CPU.Build.0 = Debug|Any CPU
		{809181D6-35A5-4704-BC1D-68B9662384D5}.Debug|x64.ActiveCfg = Debug|Any CPU
		{809181D6-35A5-4704-BC1D-68B9662384D5}.Debug|x64.Build.0 = Debug|Any CPU
		{809181D6-35A5-4704-BC1D-68B9662384D5}.Debug|x86.ActiveCfg = Debug|Any CPU
		{809181D6-35A5-4704-BC1D-68B9662384D5}.Debug|x86.Build.0 = Debug|Any CPU
		{809181D6-35A5-4704-BC1D-68B9662384D5}.Release|Any CPU.ActiveCfg = Release|Any CPU
		{809181D6-35A5-4704-BC1D-68B9662384D5}.Release|Any CPU.Build.0 = Release|Any CPU
		{809181D6-35A5-4704-BC1D-68B9662384D5}.Release|x64.ActiveCfg = Release|Any CPU
		{809181D6-35A5-4704-BC1D-68B9662384D5}.Release|x64.Build.0 = Release|Any CPU
		{809181D6-35A5-4704-BC1D-68B9662384D5}.Release|x86.ActiveCfg = Release|Any CPU
		{809181D6-35A5-4704-BC1D-68B9662384D5}.Release|x86.Build.0 = Release|Any CPU
		{1C8B49AE-BED3-4BB2-B8B6-39C1A484BA58}.Debug|Any CPU.ActiveCfg = Debug|Any CPU
		{1C8B49AE-BED3-4BB2-B8B6-39C1A484BA58}.Debug|Any CPU.Build.0 = Debug|Any CPU
		{1C8B49AE-BED3-4BB2-B8B6-39C1A484BA58}.Debug|x64.ActiveCfg = Debug|Any CPU
		{1C8B49AE-BED3-4BB2-B8B6-39C1A484BA58}.Debug|x64.Build.0 = Debug|Any CPU
		{1C8B49AE-BED3-4BB2-B8B6-39C1A484BA58}.Debug|x86.ActiveCfg = Debug|Any CPU
		{1C8B49AE-BED3-4BB2-B8B6-39C1A484BA58}.Debug|x86.Build.0 = Debug|Any CPU
		{1C8B49AE-BED3-4BB2-B8B6-39C1A484BA58}.Release|Any CPU.ActiveCfg = Release|Any CPU
		{1C8B49AE-BED3-4BB2-B8B6-39C1A484BA58}.Release|Any CPU.Build.0 = Release|Any CPU
		{1C8B49AE-BED3-4BB2-B8B6-39C1A484BA58}.Release|x64.ActiveCfg = Release|Any CPU
		{1C8B49AE-BED3-4BB2-B8B6-39C1A484BA58}.Release|x64.Build.0 = Release|Any CPU
		{1C8B49AE-BED3-4BB2-B8B6-39C1A484BA58}.Release|x86.ActiveCfg = Release|Any CPU
		{1C8B49AE-BED3-4BB2-B8B6-39C1A484BA58}.Release|x86.Build.0 = Release|Any CPU
		{7EB35112-5C31-46A5-A216-B86ECA686251}.Debug|Any CPU.ActiveCfg = Debug|Any CPU
		{7EB35112-5C31-46A5-A216-B86ECA686251}.Debug|Any CPU.Build.0 = Debug|Any CPU
		{7EB35112-5C31-46A5-A216-B86ECA686251}.Debug|x64.ActiveCfg = Debug|Any CPU
		{7EB35112-5C31-46A5-A216-B86ECA686251}.Debug|x64.Build.0 = Debug|Any CPU
		{7EB35112-5C31-46A5-A216-B86ECA686251}.Debug|x86.ActiveCfg = Debug|Any CPU
		{7EB35112-5C31-46A5-A216-B86ECA686251}.Debug|x86.Build.0 = Debug|Any CPU
		{7EB35112-5C31-46A5-A216-B86ECA686251}.Release|Any CPU.ActiveCfg = Release|Any CPU
		{7EB35112-5C31-46A5-A216-B86ECA686251}.Release|Any CPU.Build.0 = Release|Any CPU
		{7EB35112-5C31-46A5-A216-B86ECA686251}.Release|x64.ActiveCfg = Release|Any CPU
		{7EB35112-5C31-46A5-A216-B86ECA686251}.Release|x64.Build.0 = Release|Any CPU
		{7EB35112-5C31-46A5-A216-B86ECA686251}.Release|x86.ActiveCfg = Release|Any CPU
		{7EB35112-5C31-46A5-A216-B86ECA686251}.Release|x86.Build.0 = Release|Any CPU
		{BE60F618-9DBC-4D72-A6C0-92E9E776EF6C}.Debug|Any CPU.ActiveCfg = Debug|Any CPU
		{BE60F618-9DBC-4D72-A6C0-92E9E776EF6C}.Debug|Any CPU.Build.0 = Debug|Any CPU
		{BE60F618-9DBC-4D72-A6C0-92E9E776EF6C}.Debug|x64.ActiveCfg = Debug|Any CPU
		{BE60F618-9DBC-4D72-A6C0-92E9E776EF6C}.Debug|x64.Build.0 = Debug|Any CPU
		{BE60F618-9DBC-4D72-A6C0-92E9E776EF6C}.Debug|x86.ActiveCfg = Debug|Any CPU
		{BE60F618-9DBC-4D72-A6C0-92E9E776EF6C}.Debug|x86.Build.0 = Debug|Any CPU
		{BE60F618-9DBC-4D72-A6C0-92E9E776EF6C}.Release|Any CPU.ActiveCfg = Release|Any CPU
		{BE60F618-9DBC-4D72-A6C0-92E9E776EF6C}.Release|Any CPU.Build.0 = Release|Any CPU
		{BE60F618-9DBC-4D72-A6C0-92E9E776EF6C}.Release|x64.ActiveCfg = Release|Any CPU
		{BE60F618-9DBC-4D72-A6C0-92E9E776EF6C}.Release|x64.Build.0 = Release|Any CPU
		{BE60F618-9DBC-4D72-A6C0-92E9E776EF6C}.Release|x86.ActiveCfg = Release|Any CPU
		{BE60F618-9DBC-4D72-A6C0-92E9E776EF6C}.Release|x86.Build.0 = Release|Any CPU
		{9CFFB163-8907-41CB-A17A-96E2B0F8CE91}.Debug|Any CPU.ActiveCfg = Debug|Any CPU
		{9CFFB163-8907-41CB-A17A-96E2B0F8CE91}.Debug|Any CPU.Build.0 = Debug|Any CPU
		{9CFFB163-8907-41CB-A17A-96E2B0F8CE91}.Debug|x64.ActiveCfg = Debug|Any CPU
		{9CFFB163-8907-41CB-A17A-96E2B0F8CE91}.Debug|x64.Build.0 = Debug|Any CPU
		{9CFFB163-8907-41CB-A17A-96E2B0F8CE91}.Debug|x86.ActiveCfg = Debug|Any CPU
		{9CFFB163-8907-41CB-A17A-96E2B0F8CE91}.Debug|x86.Build.0 = Debug|Any CPU
		{9CFFB163-8907-41CB-A17A-96E2B0F8CE91}.Release|Any CPU.ActiveCfg = Release|Any CPU
		{9CFFB163-8907-41CB-A17A-96E2B0F8CE91}.Release|Any CPU.Build.0 = Release|Any CPU
		{9CFFB163-8907-41CB-A17A-96E2B0F8CE91}.Release|x64.ActiveCfg = Release|Any CPU
		{9CFFB163-8907-41CB-A17A-96E2B0F8CE91}.Release|x64.Build.0 = Release|Any CPU
		{9CFFB163-8907-41CB-A17A-96E2B0F8CE91}.Release|x86.ActiveCfg = Release|Any CPU
		{9CFFB163-8907-41CB-A17A-96E2B0F8CE91}.Release|x86.Build.0 = Release|Any CPU
		{24DAB933-196B-47F4-A9FA-66C9F391B467}.Debug|Any CPU.ActiveCfg = Debug|Any CPU
		{24DAB933-196B-47F4-A9FA-66C9F391B467}.Debug|Any CPU.Build.0 = Debug|Any CPU
		{24DAB933-196B-47F4-A9FA-66C9F391B467}.Debug|x64.ActiveCfg = Debug|Any CPU
		{24DAB933-196B-47F4-A9FA-66C9F391B467}.Debug|x64.Build.0 = Debug|Any CPU
		{24DAB933-196B-47F4-A9FA-66C9F391B467}.Debug|x86.ActiveCfg = Debug|Any CPU
		{24DAB933-196B-47F4-A9FA-66C9F391B467}.Debug|x86.Build.0 = Debug|Any CPU
		{24DAB933-196B-47F4-A9FA-66C9F391B467}.Release|Any CPU.ActiveCfg = Release|Any CPU
		{24DAB933-196B-47F4-A9FA-66C9F391B467}.Release|Any CPU.Build.0 = Release|Any CPU
		{24DAB933-196B-47F4-A9FA-66C9F391B467}.Release|x64.ActiveCfg = Release|Any CPU
		{24DAB933-196B-47F4-A9FA-66C9F391B467}.Release|x64.Build.0 = Release|Any CPU
		{24DAB933-196B-47F4-A9FA-66C9F391B467}.Release|x86.ActiveCfg = Release|Any CPU
		{24DAB933-196B-47F4-A9FA-66C9F391B467}.Release|x86.Build.0 = Release|Any CPU
		{C114D83E-B82F-497B-A3AB-A0A4B0EA50AD}.Debug|Any CPU.ActiveCfg = Debug|Any CPU
		{C114D83E-B82F-497B-A3AB-A0A4B0EA50AD}.Debug|Any CPU.Build.0 = Debug|Any CPU
		{C114D83E-B82F-497B-A3AB-A0A4B0EA50AD}.Debug|x64.ActiveCfg = Debug|Any CPU
		{C114D83E-B82F-497B-A3AB-A0A4B0EA50AD}.Debug|x64.Build.0 = Debug|Any CPU
		{C114D83E-B82F-497B-A3AB-A0A4B0EA50AD}.Debug|x86.ActiveCfg = Debug|Any CPU
		{C114D83E-B82F-497B-A3AB-A0A4B0EA50AD}.Debug|x86.Build.0 = Debug|Any CPU
		{C114D83E-B82F-497B-A3AB-A0A4B0EA50AD}.Release|Any CPU.ActiveCfg = Release|Any CPU
		{C114D83E-B82F-497B-A3AB-A0A4B0EA50AD}.Release|Any CPU.Build.0 = Release|Any CPU
		{C114D83E-B82F-497B-A3AB-A0A4B0EA50AD}.Release|x64.ActiveCfg = Release|Any CPU
		{C114D83E-B82F-497B-A3AB-A0A4B0EA50AD}.Release|x64.Build.0 = Release|Any CPU
		{C114D83E-B82F-497B-A3AB-A0A4B0EA50AD}.Release|x86.ActiveCfg = Release|Any CPU
		{C114D83E-B82F-497B-A3AB-A0A4B0EA50AD}.Release|x86.Build.0 = Release|Any CPU
		{6C070C9C-7328-460D-909F-D91B18523B74}.Debug|Any CPU.ActiveCfg = Debug|Any CPU
		{6C070C9C-7328-460D-909F-D91B18523B74}.Debug|Any CPU.Build.0 = Debug|Any CPU
		{6C070C9C-7328-460D-909F-D91B18523B74}.Debug|x64.ActiveCfg = Debug|Any CPU
		{6C070C9C-7328-460D-909F-D91B18523B74}.Debug|x64.Build.0 = Debug|Any CPU
		{6C070C9C-7328-460D-909F-D91B18523B74}.Debug|x86.ActiveCfg = Debug|Any CPU
		{6C070C9C-7328-460D-909F-D91B18523B74}.Debug|x86.Build.0 = Debug|Any CPU
		{6C070C9C-7328-460D-909F-D91B18523B74}.Release|Any CPU.ActiveCfg = Release|Any CPU
		{6C070C9C-7328-460D-909F-D91B18523B74}.Release|Any CPU.Build.0 = Release|Any CPU
		{6C070C9C-7328-460D-909F-D91B18523B74}.Release|x64.ActiveCfg = Release|Any CPU
		{6C070C9C-7328-460D-909F-D91B18523B74}.Release|x64.Build.0 = Release|Any CPU
		{6C070C9C-7328-460D-909F-D91B18523B74}.Release|x86.ActiveCfg = Release|Any CPU
		{6C070C9C-7328-460D-909F-D91B18523B74}.Release|x86.Build.0 = Release|Any CPU
		{395EC755-735E-48BA-882A-65CE65FA0987}.Debug|Any CPU.ActiveCfg = Debug|Any CPU
		{395EC755-735E-48BA-882A-65CE65FA0987}.Debug|Any CPU.Build.0 = Debug|Any CPU
		{395EC755-735E-48BA-882A-65CE65FA0987}.Debug|x64.ActiveCfg = Debug|Any CPU
		{395EC755-735E-48BA-882A-65CE65FA0987}.Debug|x64.Build.0 = Debug|Any CPU
		{395EC755-735E-48BA-882A-65CE65FA0987}.Debug|x86.ActiveCfg = Debug|Any CPU
		{395EC755-735E-48BA-882A-65CE65FA0987}.Debug|x86.Build.0 = Debug|Any CPU
		{395EC755-735E-48BA-882A-65CE65FA0987}.Release|Any CPU.ActiveCfg = Release|Any CPU
		{395EC755-735E-48BA-882A-65CE65FA0987}.Release|Any CPU.Build.0 = Release|Any CPU
		{395EC755-735E-48BA-882A-65CE65FA0987}.Release|x64.ActiveCfg = Release|Any CPU
		{395EC755-735E-48BA-882A-65CE65FA0987}.Release|x64.Build.0 = Release|Any CPU
		{395EC755-735E-48BA-882A-65CE65FA0987}.Release|x86.ActiveCfg = Release|Any CPU
		{395EC755-735E-48BA-882A-65CE65FA0987}.Release|x86.Build.0 = Release|Any CPU
		{336CA676-E662-46B8-85CA-FFE1633D2A5B}.Debug|Any CPU.ActiveCfg = Debug|Any CPU
		{336CA676-E662-46B8-85CA-FFE1633D2A5B}.Debug|Any CPU.Build.0 = Debug|Any CPU
		{336CA676-E662-46B8-85CA-FFE1633D2A5B}.Debug|x64.ActiveCfg = Debug|Any CPU
		{336CA676-E662-46B8-85CA-FFE1633D2A5B}.Debug|x64.Build.0 = Debug|Any CPU
		{336CA676-E662-46B8-85CA-FFE1633D2A5B}.Debug|x86.ActiveCfg = Debug|Any CPU
		{336CA676-E662-46B8-85CA-FFE1633D2A5B}.Debug|x86.Build.0 = Debug|Any CPU
		{336CA676-E662-46B8-85CA-FFE1633D2A5B}.Release|Any CPU.ActiveCfg = Release|Any CPU
		{336CA676-E662-46B8-85CA-FFE1633D2A5B}.Release|Any CPU.Build.0 = Release|Any CPU
		{336CA676-E662-46B8-85CA-FFE1633D2A5B}.Release|x64.ActiveCfg = Release|Any CPU
		{336CA676-E662-46B8-85CA-FFE1633D2A5B}.Release|x64.Build.0 = Release|Any CPU
		{336CA676-E662-46B8-85CA-FFE1633D2A5B}.Release|x86.ActiveCfg = Release|Any CPU
		{336CA676-E662-46B8-85CA-FFE1633D2A5B}.Release|x86.Build.0 = Release|Any CPU
		{8844900A-7216-495F-8F70-177AD29B3793}.Debug|Any CPU.ActiveCfg = Debug|Any CPU
		{8844900A-7216-495F-8F70-177AD29B3793}.Debug|Any CPU.Build.0 = Debug|Any CPU
		{8844900A-7216-495F-8F70-177AD29B3793}.Debug|x64.ActiveCfg = Debug|Any CPU
		{8844900A-7216-495F-8F70-177AD29B3793}.Debug|x64.Build.0 = Debug|Any CPU
		{8844900A-7216-495F-8F70-177AD29B3793}.Debug|x86.ActiveCfg = Debug|Any CPU
		{8844900A-7216-495F-8F70-177AD29B3793}.Debug|x86.Build.0 = Debug|Any CPU
		{8844900A-7216-495F-8F70-177AD29B3793}.Release|Any CPU.ActiveCfg = Release|Any CPU
		{8844900A-7216-495F-8F70-177AD29B3793}.Release|Any CPU.Build.0 = Release|Any CPU
		{8844900A-7216-495F-8F70-177AD29B3793}.Release|x64.ActiveCfg = Release|Any CPU
		{8844900A-7216-495F-8F70-177AD29B3793}.Release|x64.Build.0 = Release|Any CPU
		{8844900A-7216-495F-8F70-177AD29B3793}.Release|x86.ActiveCfg = Release|Any CPU
		{8844900A-7216-495F-8F70-177AD29B3793}.Release|x86.Build.0 = Release|Any CPU
		{A1516745-C8A9-4AD1-863B-37DAD35FF1A5}.Debug|Any CPU.ActiveCfg = Debug|Any CPU
		{A1516745-C8A9-4AD1-863B-37DAD35FF1A5}.Debug|Any CPU.Build.0 = Debug|Any CPU
		{A1516745-C8A9-4AD1-863B-37DAD35FF1A5}.Debug|x64.ActiveCfg = Debug|Any CPU
		{A1516745-C8A9-4AD1-863B-37DAD35FF1A5}.Debug|x64.Build.0 = Debug|Any CPU
		{A1516745-C8A9-4AD1-863B-37DAD35FF1A5}.Debug|x86.ActiveCfg = Debug|Any CPU
		{A1516745-C8A9-4AD1-863B-37DAD35FF1A5}.Debug|x86.Build.0 = Debug|Any CPU
		{A1516745-C8A9-4AD1-863B-37DAD35FF1A5}.Release|Any CPU.ActiveCfg = Release|Any CPU
		{A1516745-C8A9-4AD1-863B-37DAD35FF1A5}.Release|Any CPU.Build.0 = Release|Any CPU
		{A1516745-C8A9-4AD1-863B-37DAD35FF1A5}.Release|x64.ActiveCfg = Release|Any CPU
		{A1516745-C8A9-4AD1-863B-37DAD35FF1A5}.Release|x64.Build.0 = Release|Any CPU
		{A1516745-C8A9-4AD1-863B-37DAD35FF1A5}.Release|x86.ActiveCfg = Release|Any CPU
		{A1516745-C8A9-4AD1-863B-37DAD35FF1A5}.Release|x86.Build.0 = Release|Any CPU
		{8049E225-4C96-4E05-BD6B-9B8C04C56C98}.Debug|Any CPU.ActiveCfg = Debug|Any CPU
		{8049E225-4C96-4E05-BD6B-9B8C04C56C98}.Debug|Any CPU.Build.0 = Debug|Any CPU
		{8049E225-4C96-4E05-BD6B-9B8C04C56C98}.Debug|x64.ActiveCfg = Debug|x64
		{8049E225-4C96-4E05-BD6B-9B8C04C56C98}.Debug|x64.Build.0 = Debug|x64
		{8049E225-4C96-4E05-BD6B-9B8C04C56C98}.Debug|x86.ActiveCfg = Debug|x86
		{8049E225-4C96-4E05-BD6B-9B8C04C56C98}.Debug|x86.Build.0 = Debug|x86
		{8049E225-4C96-4E05-BD6B-9B8C04C56C98}.Release|Any CPU.ActiveCfg = Release|Any CPU
		{8049E225-4C96-4E05-BD6B-9B8C04C56C98}.Release|Any CPU.Build.0 = Release|Any CPU
		{8049E225-4C96-4E05-BD6B-9B8C04C56C98}.Release|x64.ActiveCfg = Release|x64
		{8049E225-4C96-4E05-BD6B-9B8C04C56C98}.Release|x64.Build.0 = Release|x64
		{8049E225-4C96-4E05-BD6B-9B8C04C56C98}.Release|x86.ActiveCfg = Release|x86
		{8049E225-4C96-4E05-BD6B-9B8C04C56C98}.Release|x86.Build.0 = Release|x86
	EndGlobalSection
	GlobalSection(SolutionProperties) = preSolution
		HideSolutionNode = FALSE
	EndGlobalSection
	GlobalSection(NestedProjects) = preSolution
		{99FB4093-B16E-4963-A861-9A07574BD9BC} = {9534BE62-BED6-4F60-90F9-6549E6DB80D7}
		{E7B8CA3C-AD08-45E3-84C7-C9753AF510DC} = {9534BE62-BED6-4F60-90F9-6549E6DB80D7}
		{315B8780-B0C0-4C7D-9E7B-997015D4A189} = {9534BE62-BED6-4F60-90F9-6549E6DB80D7}
		{DC64D2BF-145D-4C2D-B669-2A26EB39960B} = {9534BE62-BED6-4F60-90F9-6549E6DB80D7}
		{2C79A0B5-0CEF-45D3-8480-A4B6DEB9452C} = {9534BE62-BED6-4F60-90F9-6549E6DB80D7}
		{9A12B90C-5ED0-4952-9C2E-B1C7B4CAE1BA} = {9534BE62-BED6-4F60-90F9-6549E6DB80D7}
		{6CE44435-962C-4982-A4FC-6725EA79B3F5} = {9534BE62-BED6-4F60-90F9-6549E6DB80D7}
		{22F38CEC-B8CC-478C-BC74-616EDE96474A} = {9534BE62-BED6-4F60-90F9-6549E6DB80D7}
		{81036DC2-4977-4F08-87BA-EF1D5C7EF823} = {9534BE62-BED6-4F60-90F9-6549E6DB80D7}
		{1303B3F3-72C7-4CF2-AA38-59E52CB622F6} = {B23432CA-6D42-4B5F-B4EB-ADA88CAF575B}
		{4C8F184B-8980-48C9-87DE-1896F1280C8A} = {B23432CA-6D42-4B5F-B4EB-ADA88CAF575B}
		{DD6E6ACB-14E2-452B-A44C-FD31B165254D} = {B23432CA-6D42-4B5F-B4EB-ADA88CAF575B}
		{36505B7E-F574-4638-8BFE-BF8099FF9483} = {B23432CA-6D42-4B5F-B4EB-ADA88CAF575B}
		{824A8271-9FD5-4A05-BF57-5630FF0CFFBD} = {B23432CA-6D42-4B5F-B4EB-ADA88CAF575B}
		{29D7EA22-28F5-4211-A884-500FD675D543} = {B23432CA-6D42-4B5F-B4EB-ADA88CAF575B}
		{F3594E30-DA84-4538-BAA3-0959B86AA879} = {0D03DEA9-4A33-43FF-BD03-AE3A82CC4A11}
		{3AEDCC34-FBCE-4955-A329-F5A832F292E6} = {0D03DEA9-4A33-43FF-BD03-AE3A82CC4A11}
		{FAB314C1-525D-462B-82BE-560B6FA224C5} = {0D03DEA9-4A33-43FF-BD03-AE3A82CC4A11}
		{969AEE6A-2410-4621-A57A-129C7A2D466C} = {0D03DEA9-4A33-43FF-BD03-AE3A82CC4A11}
		{B1346D9E-C3BD-4D57-8956-D44AF6346881} = {0D03DEA9-4A33-43FF-BD03-AE3A82CC4A11}
		{7214F82D-8FFE-4AA1-8EC2-6095E478D1E2} = {0D03DEA9-4A33-43FF-BD03-AE3A82CC4A11}
		{4169D94C-5E90-46BB-8871-E1A945D8EE35} = {0D03DEA9-4A33-43FF-BD03-AE3A82CC4A11}
		{8EA14586-26DF-40AE-B7A3-1C575004CEC8} = {0D03DEA9-4A33-43FF-BD03-AE3A82CC4A11}
		{69A0EE45-348F-4668-A2C8-9E4604D64D13} = {39F620D0-C8CD-4A8B-BE4A-56FCCF6B43B0}
		{5EB39C1F-AEA0-430B-BFDE-84600B1E8148} = {39F620D0-C8CD-4A8B-BE4A-56FCCF6B43B0}
		{854700C8-A448-466A-A999-6C9BC20F8FEA} = {39F620D0-C8CD-4A8B-BE4A-56FCCF6B43B0}
		{60B1705E-DBED-43D6-AC26-272DCFA0142E} = {0D03DEA9-4A33-43FF-BD03-AE3A82CC4A11}
		{EE96B1B3-C4CC-4D58-B19A-B4FF850240B4} = {9534BE62-BED6-4F60-90F9-6549E6DB80D7}
		{B508D050-743E-4CE8-94FF-9AB010D35344} = {0D03DEA9-4A33-43FF-BD03-AE3A82CC4A11}
		{5B8A7B9B-827B-49D6-B331-9D01411CB27C} = {5D988B2E-2A62-4FE0-AD2D-BFA57E7494DC}
		{3EF4962B-3105-4D19-810C-7D8CA95A5784} = {5D988B2E-2A62-4FE0-AD2D-BFA57E7494DC}
		{EAD31E15-1C7D-4894-980C-0AD7212553E3} = {9534BE62-BED6-4F60-90F9-6549E6DB80D7}
		{F15D5B23-93C8-4DA3-8063-7A89B9723107} = {9534BE62-BED6-4F60-90F9-6549E6DB80D7}
		{05062D77-DFD0-4F6A-BFB2-2CE15916D031} = {9534BE62-BED6-4F60-90F9-6549E6DB80D7}
		{C9DD7A36-A2F2-433F-A3AB-0A5FB2EC331E} = {77A61364-7334-4D30-9993-D9F7458819CA}
		{0D7AC818-4402-404B-BBFD-57C7F0F5EBE4} = {77A61364-7334-4D30-9993-D9F7458819CA}
		{432FAC96-898B-4AA9-BC11-796670F9A344} = {77A61364-7334-4D30-9993-D9F7458819CA}
		{7C171FD0-C5C9-431D-9DF6-3FC4A1B0FF38} = {77A61364-7334-4D30-9993-D9F7458819CA}
		{A5541D99-1F0B-43CA-897A-DC85D78F9F7D} = {77A61364-7334-4D30-9993-D9F7458819CA}
		{809181D6-35A5-4704-BC1D-68B9662384D5} = {77A61364-7334-4D30-9993-D9F7458819CA}
		{1C8B49AE-BED3-4BB2-B8B6-39C1A484BA58} = {77A61364-7334-4D30-9993-D9F7458819CA}
		{7EB35112-5C31-46A5-A216-B86ECA686251} = {77A61364-7334-4D30-9993-D9F7458819CA}
		{BE60F618-9DBC-4D72-A6C0-92E9E776EF6C} = {77A61364-7334-4D30-9993-D9F7458819CA}
		{9CFFB163-8907-41CB-A17A-96E2B0F8CE91} = {748A317F-98B2-4BD9-9BD0-ACEB12C40A57}
		{24DAB933-196B-47F4-A9FA-66C9F391B467} = {A93794CF-05ED-41AD-874F-91F662EDBBAA}
		{C114D83E-B82F-497B-A3AB-A0A4B0EA50AD} = {A93794CF-05ED-41AD-874F-91F662EDBBAA}
		{A93794CF-05ED-41AD-874F-91F662EDBBAA} = {748A317F-98B2-4BD9-9BD0-ACEB12C40A57}
		{6C070C9C-7328-460D-909F-D91B18523B74} = {748A317F-98B2-4BD9-9BD0-ACEB12C40A57}
		{395EC755-735E-48BA-882A-65CE65FA0987} = {748A317F-98B2-4BD9-9BD0-ACEB12C40A57}
		{336CA676-E662-46B8-85CA-FFE1633D2A5B} = {748A317F-98B2-4BD9-9BD0-ACEB12C40A57}
		{8844900A-7216-495F-8F70-177AD29B3793} = {A93794CF-05ED-41AD-874F-91F662EDBBAA}
		{A1516745-C8A9-4AD1-863B-37DAD35FF1A5} = {A93794CF-05ED-41AD-874F-91F662EDBBAA}
		{8049E225-4C96-4E05-BD6B-9B8C04C56C98} = {0D03DEA9-4A33-43FF-BD03-AE3A82CC4A11}
	EndGlobalSection
	GlobalSection(ExtensibilityGlobals) = postSolution
		SolutionGuid = {030B5171-472B-4325-8594-3C3735C96928}
	EndGlobalSection
EndGlobal
